
Microsoft Visual Studio Solution File, Format Version 12.00
# Visual Studio Version 16
VisualStudioVersion = 16.0.28315.86
MinimumVisualStudioVersion = 10.0.40219.1
Project("{FAE04EC0-301F-11D3-BF4B-00C04F79EFBC}") = "GrKouk.InfoSystem.Android", "GrKouk.InfoSystem\GrKouk.InfoSystem.Android\GrKouk.InfoSystem.Android.csproj", "{386CF0FF-127C-4B9E-8067-5120FA0B605C}"
EndProject
Project("{FAE04EC0-301F-11D3-BF4B-00C04F79EFBC}") = "GrKouk.InfoSystem.iOS", "GrKouk.InfoSystem\GrKouk.InfoSystem.iOS\GrKouk.InfoSystem.iOS.csproj", "{7D3ECBD1-49C8-4D6A-B879-5B7876C76389}"
EndProject
Project("{FAE04EC0-301F-11D3-BF4B-00C04F79EFBC}") = "GrKouk.InfoSystem.UWP", "GrKouk.InfoSystem\GrKouk.InfoSystem.UWP\GrKouk.InfoSystem.UWP.csproj", "{9C1C75F6-925A-467D-9F22-6BAD0885E725}"
EndProject
Project("{9A19103F-16F7-4668-BE54-9A1E7A4F7556}") = "GrKouk.InfoSystem", "GrKouk.InfoSystem\GrKouk.InfoSystem\GrKouk.InfoSystem.csproj", "{855A47E9-2F26-4EB3-90C5-74AD19FFA63D}"
EndProject
Project("{9A19103F-16F7-4668-BE54-9A1E7A4F7556}") = "GrKouk.InfoSystem.Domain", "GrKouk.InfoSystem.Domain\GrKouk.InfoSystem.Domain.csproj", "{49F59E4F-A463-4629-8E7F-6CDFDEF7DCD9}"
EndProject
Project("{9A19103F-16F7-4668-BE54-9A1E7A4F7556}") = "GrKouk.InfoSystem.Dtos", "GrKouk.InfoSystem.Dtos\GrKouk.InfoSystem.Dtos.csproj", "{92994BE1-A509-4558-8BF8-D3A086F69C9C}"
EndProject
Project("{9A19103F-16F7-4668-BE54-9A1E7A4F7556}") = "GrKouk.WebApi", "GrKouk.WebApi\GrKouk.WebApi.csproj", "{E022AC2B-9F93-4612-A73C-E7CFD5874996}"
EndProject
Project("{9A19103F-16F7-4668-BE54-9A1E7A4F7556}") = "GrKouk.WebRazor", "GrKouk.WebRazor\GrKouk.WebRazor.csproj", "{7C399005-15A6-4FAF-A3E5-A86301071810}"
EndProject
Project("{2150E333-8FDC-42A3-9474-1A3956D46DE8}") = "Mobile", "Mobile", "{458B11ED-046A-44E0-B10F-CB3404BCE7D4}"
EndProject
Project("{2150E333-8FDC-42A3-9474-1A3956D46DE8}") = "Shared", "Shared", "{DC9E4C6D-E3A1-4B2C-AF62-EE1F496BD378}"
EndProject
Project("{2150E333-8FDC-42A3-9474-1A3956D46DE8}") = "Web", "Web", "{4C1D2239-BA8F-4D27-8590-ED121EFB52FB}"
EndProject
Project("{FAE04EC0-301F-11D3-BF4B-00C04F79EFBC}") = "GrKouk.InfoSystem.Definitions", "GrKouk.InfoSystem.Definitions\GrKouk.InfoSystem.Definitions.csproj", "{E24ADDEC-D0A5-4D5F-8371-6798916B6BAB}"
EndProject
Global
	GlobalSection(SolutionConfigurationPlatforms) = preSolution
		Ad-Hoc|Any CPU = Ad-Hoc|Any CPU
		Ad-Hoc|ARM = Ad-Hoc|ARM
		Ad-Hoc|iPhone = Ad-Hoc|iPhone
		Ad-Hoc|iPhoneSimulator = Ad-Hoc|iPhoneSimulator
		Ad-Hoc|x64 = Ad-Hoc|x64
		Ad-Hoc|x86 = Ad-Hoc|x86
		AppStore|Any CPU = AppStore|Any CPU
		AppStore|ARM = AppStore|ARM
		AppStore|iPhone = AppStore|iPhone
		AppStore|iPhoneSimulator = AppStore|iPhoneSimulator
		AppStore|x64 = AppStore|x64
		AppStore|x86 = AppStore|x86
		DbgWeb|Any CPU = DbgWeb|Any CPU
		DbgWeb|ARM = DbgWeb|ARM
		DbgWeb|iPhone = DbgWeb|iPhone
		DbgWeb|iPhoneSimulator = DbgWeb|iPhoneSimulator
		DbgWeb|x64 = DbgWeb|x64
		DbgWeb|x86 = DbgWeb|x86
		Debug|Any CPU = Debug|Any CPU
		Debug|ARM = Debug|ARM
		Debug|iPhone = Debug|iPhone
		Debug|iPhoneSimulator = Debug|iPhoneSimulator
		Debug|x64 = Debug|x64
		Debug|x86 = Debug|x86
		Release|Any CPU = Release|Any CPU
		Release|ARM = Release|ARM
		Release|iPhone = Release|iPhone
		Release|iPhoneSimulator = Release|iPhoneSimulator
		Release|x64 = Release|x64
		Release|x86 = Release|x86
		RlsWeb|Any CPU = RlsWeb|Any CPU
		RlsWeb|ARM = RlsWeb|ARM
		RlsWeb|iPhone = RlsWeb|iPhone
		RlsWeb|iPhoneSimulator = RlsWeb|iPhoneSimulator
		RlsWeb|x64 = RlsWeb|x64
		RlsWeb|x86 = RlsWeb|x86
	EndGlobalSection
	GlobalSection(ProjectConfigurationPlatforms) = postSolution
		{386CF0FF-127C-4B9E-8067-5120FA0B605C}.Ad-Hoc|Any CPU.ActiveCfg = Release|Any CPU
		{386CF0FF-127C-4B9E-8067-5120FA0B605C}.Ad-Hoc|Any CPU.Build.0 = Release|Any CPU
		{386CF0FF-127C-4B9E-8067-5120FA0B605C}.Ad-Hoc|Any CPU.Deploy.0 = Release|Any CPU
		{386CF0FF-127C-4B9E-8067-5120FA0B605C}.Ad-Hoc|ARM.ActiveCfg = Release|Any CPU
		{386CF0FF-127C-4B9E-8067-5120FA0B605C}.Ad-Hoc|ARM.Build.0 = Release|Any CPU
		{386CF0FF-127C-4B9E-8067-5120FA0B605C}.Ad-Hoc|ARM.Deploy.0 = Release|Any CPU
		{386CF0FF-127C-4B9E-8067-5120FA0B605C}.Ad-Hoc|iPhone.ActiveCfg = Release|Any CPU
		{386CF0FF-127C-4B9E-8067-5120FA0B605C}.Ad-Hoc|iPhone.Build.0 = Release|Any CPU
		{386CF0FF-127C-4B9E-8067-5120FA0B605C}.Ad-Hoc|iPhone.Deploy.0 = Release|Any CPU
		{386CF0FF-127C-4B9E-8067-5120FA0B605C}.Ad-Hoc|iPhoneSimulator.ActiveCfg = Release|Any CPU
		{386CF0FF-127C-4B9E-8067-5120FA0B605C}.Ad-Hoc|iPhoneSimulator.Build.0 = Release|Any CPU
		{386CF0FF-127C-4B9E-8067-5120FA0B605C}.Ad-Hoc|iPhoneSimulator.Deploy.0 = Release|Any CPU
		{386CF0FF-127C-4B9E-8067-5120FA0B605C}.Ad-Hoc|x64.ActiveCfg = Release|Any CPU
		{386CF0FF-127C-4B9E-8067-5120FA0B605C}.Ad-Hoc|x64.Build.0 = Release|Any CPU
		{386CF0FF-127C-4B9E-8067-5120FA0B605C}.Ad-Hoc|x64.Deploy.0 = Release|Any CPU
		{386CF0FF-127C-4B9E-8067-5120FA0B605C}.Ad-Hoc|x86.ActiveCfg = Release|Any CPU
		{386CF0FF-127C-4B9E-8067-5120FA0B605C}.Ad-Hoc|x86.Build.0 = Release|Any CPU
		{386CF0FF-127C-4B9E-8067-5120FA0B605C}.Ad-Hoc|x86.Deploy.0 = Release|Any CPU
		{386CF0FF-127C-4B9E-8067-5120FA0B605C}.AppStore|Any CPU.ActiveCfg = Release|Any CPU
		{386CF0FF-127C-4B9E-8067-5120FA0B605C}.AppStore|Any CPU.Build.0 = Release|Any CPU
		{386CF0FF-127C-4B9E-8067-5120FA0B605C}.AppStore|Any CPU.Deploy.0 = Release|Any CPU
		{386CF0FF-127C-4B9E-8067-5120FA0B605C}.AppStore|ARM.ActiveCfg = Release|Any CPU
		{386CF0FF-127C-4B9E-8067-5120FA0B605C}.AppStore|ARM.Build.0 = Release|Any CPU
		{386CF0FF-127C-4B9E-8067-5120FA0B605C}.AppStore|ARM.Deploy.0 = Release|Any CPU
		{386CF0FF-127C-4B9E-8067-5120FA0B605C}.AppStore|iPhone.ActiveCfg = Release|Any CPU
		{386CF0FF-127C-4B9E-8067-5120FA0B605C}.AppStore|iPhone.Build.0 = Release|Any CPU
		{386CF0FF-127C-4B9E-8067-5120FA0B605C}.AppStore|iPhone.Deploy.0 = Release|Any CPU
		{386CF0FF-127C-4B9E-8067-5120FA0B605C}.AppStore|iPhoneSimulator.ActiveCfg = Release|Any CPU
		{386CF0FF-127C-4B9E-8067-5120FA0B605C}.AppStore|iPhoneSimulator.Build.0 = Release|Any CPU
		{386CF0FF-127C-4B9E-8067-5120FA0B605C}.AppStore|iPhoneSimulator.Deploy.0 = Release|Any CPU
		{386CF0FF-127C-4B9E-8067-5120FA0B605C}.AppStore|x64.ActiveCfg = Release|Any CPU
		{386CF0FF-127C-4B9E-8067-5120FA0B605C}.AppStore|x64.Build.0 = Release|Any CPU
		{386CF0FF-127C-4B9E-8067-5120FA0B605C}.AppStore|x64.Deploy.0 = Release|Any CPU
		{386CF0FF-127C-4B9E-8067-5120FA0B605C}.AppStore|x86.ActiveCfg = Release|Any CPU
		{386CF0FF-127C-4B9E-8067-5120FA0B605C}.AppStore|x86.Build.0 = Release|Any CPU
		{386CF0FF-127C-4B9E-8067-5120FA0B605C}.AppStore|x86.Deploy.0 = Release|Any CPU
		{386CF0FF-127C-4B9E-8067-5120FA0B605C}.DbgWeb|Any CPU.ActiveCfg = DebugWeb|Any CPU
		{386CF0FF-127C-4B9E-8067-5120FA0B605C}.DbgWeb|Any CPU.Build.0 = DebugWeb|Any CPU
		{386CF0FF-127C-4B9E-8067-5120FA0B605C}.DbgWeb|Any CPU.Deploy.0 = DebugWeb|Any CPU
		{386CF0FF-127C-4B9E-8067-5120FA0B605C}.DbgWeb|ARM.ActiveCfg = DebugWeb|Any CPU
		{386CF0FF-127C-4B9E-8067-5120FA0B605C}.DbgWeb|ARM.Build.0 = DebugWeb|Any CPU
		{386CF0FF-127C-4B9E-8067-5120FA0B605C}.DbgWeb|ARM.Deploy.0 = DebugWeb|Any CPU
		{386CF0FF-127C-4B9E-8067-5120FA0B605C}.DbgWeb|iPhone.ActiveCfg = DebugWeb|Any CPU
		{386CF0FF-127C-4B9E-8067-5120FA0B605C}.DbgWeb|iPhone.Build.0 = DebugWeb|Any CPU
		{386CF0FF-127C-4B9E-8067-5120FA0B605C}.DbgWeb|iPhone.Deploy.0 = DebugWeb|Any CPU
		{386CF0FF-127C-4B9E-8067-5120FA0B605C}.DbgWeb|iPhoneSimulator.ActiveCfg = DebugWeb|Any CPU
		{386CF0FF-127C-4B9E-8067-5120FA0B605C}.DbgWeb|iPhoneSimulator.Build.0 = DebugWeb|Any CPU
		{386CF0FF-127C-4B9E-8067-5120FA0B605C}.DbgWeb|iPhoneSimulator.Deploy.0 = DebugWeb|Any CPU
		{386CF0FF-127C-4B9E-8067-5120FA0B605C}.DbgWeb|x64.ActiveCfg = DebugWeb|Any CPU
		{386CF0FF-127C-4B9E-8067-5120FA0B605C}.DbgWeb|x64.Build.0 = DebugWeb|Any CPU
		{386CF0FF-127C-4B9E-8067-5120FA0B605C}.DbgWeb|x64.Deploy.0 = DebugWeb|Any CPU
		{386CF0FF-127C-4B9E-8067-5120FA0B605C}.DbgWeb|x86.ActiveCfg = DebugWeb|Any CPU
		{386CF0FF-127C-4B9E-8067-5120FA0B605C}.Debug|Any CPU.ActiveCfg = Debug|Any CPU
		{386CF0FF-127C-4B9E-8067-5120FA0B605C}.Debug|Any CPU.Build.0 = Debug|Any CPU
		{386CF0FF-127C-4B9E-8067-5120FA0B605C}.Debug|Any CPU.Deploy.0 = Debug|Any CPU
		{386CF0FF-127C-4B9E-8067-5120FA0B605C}.Debug|ARM.ActiveCfg = Debug|Any CPU
		{386CF0FF-127C-4B9E-8067-5120FA0B605C}.Debug|ARM.Build.0 = Debug|Any CPU
		{386CF0FF-127C-4B9E-8067-5120FA0B605C}.Debug|ARM.Deploy.0 = Debug|Any CPU
		{386CF0FF-127C-4B9E-8067-5120FA0B605C}.Debug|iPhone.ActiveCfg = Debug|Any CPU
		{386CF0FF-127C-4B9E-8067-5120FA0B605C}.Debug|iPhone.Build.0 = Debug|Any CPU
		{386CF0FF-127C-4B9E-8067-5120FA0B605C}.Debug|iPhone.Deploy.0 = Debug|Any CPU
		{386CF0FF-127C-4B9E-8067-5120FA0B605C}.Debug|iPhoneSimulator.ActiveCfg = Debug|Any CPU
		{386CF0FF-127C-4B9E-8067-5120FA0B605C}.Debug|iPhoneSimulator.Build.0 = Debug|Any CPU
		{386CF0FF-127C-4B9E-8067-5120FA0B605C}.Debug|iPhoneSimulator.Deploy.0 = Debug|Any CPU
		{386CF0FF-127C-4B9E-8067-5120FA0B605C}.Debug|x64.ActiveCfg = Debug|Any CPU
		{386CF0FF-127C-4B9E-8067-5120FA0B605C}.Debug|x64.Build.0 = Debug|Any CPU
		{386CF0FF-127C-4B9E-8067-5120FA0B605C}.Debug|x64.Deploy.0 = Debug|Any CPU
		{386CF0FF-127C-4B9E-8067-5120FA0B605C}.Debug|x86.ActiveCfg = Debug|Any CPU
		{386CF0FF-127C-4B9E-8067-5120FA0B605C}.Debug|x86.Build.0 = Debug|Any CPU
		{386CF0FF-127C-4B9E-8067-5120FA0B605C}.Debug|x86.Deploy.0 = Debug|Any CPU
		{386CF0FF-127C-4B9E-8067-5120FA0B605C}.Release|Any CPU.ActiveCfg = Release|Any CPU
		{386CF0FF-127C-4B9E-8067-5120FA0B605C}.Release|Any CPU.Build.0 = Release|Any CPU
		{386CF0FF-127C-4B9E-8067-5120FA0B605C}.Release|Any CPU.Deploy.0 = Release|Any CPU
		{386CF0FF-127C-4B9E-8067-5120FA0B605C}.Release|ARM.ActiveCfg = Release|Any CPU
		{386CF0FF-127C-4B9E-8067-5120FA0B605C}.Release|ARM.Build.0 = Release|Any CPU
		{386CF0FF-127C-4B9E-8067-5120FA0B605C}.Release|ARM.Deploy.0 = Release|Any CPU
		{386CF0FF-127C-4B9E-8067-5120FA0B605C}.Release|iPhone.ActiveCfg = Release|Any CPU
		{386CF0FF-127C-4B9E-8067-5120FA0B605C}.Release|iPhone.Build.0 = Release|Any CPU
		{386CF0FF-127C-4B9E-8067-5120FA0B605C}.Release|iPhone.Deploy.0 = Release|Any CPU
		{386CF0FF-127C-4B9E-8067-5120FA0B605C}.Release|iPhoneSimulator.ActiveCfg = Release|Any CPU
		{386CF0FF-127C-4B9E-8067-5120FA0B605C}.Release|iPhoneSimulator.Build.0 = Release|Any CPU
		{386CF0FF-127C-4B9E-8067-5120FA0B605C}.Release|iPhoneSimulator.Deploy.0 = Release|Any CPU
		{386CF0FF-127C-4B9E-8067-5120FA0B605C}.Release|x64.ActiveCfg = Release|Any CPU
		{386CF0FF-127C-4B9E-8067-5120FA0B605C}.Release|x64.Build.0 = Release|Any CPU
		{386CF0FF-127C-4B9E-8067-5120FA0B605C}.Release|x64.Deploy.0 = Release|Any CPU
		{386CF0FF-127C-4B9E-8067-5120FA0B605C}.Release|x86.ActiveCfg = Release|Any CPU
		{386CF0FF-127C-4B9E-8067-5120FA0B605C}.Release|x86.Build.0 = Release|Any CPU
		{386CF0FF-127C-4B9E-8067-5120FA0B605C}.Release|x86.Deploy.0 = Release|Any CPU
		{386CF0FF-127C-4B9E-8067-5120FA0B605C}.RlsWeb|Any CPU.ActiveCfg = RlsWeb|Any CPU
		{386CF0FF-127C-4B9E-8067-5120FA0B605C}.RlsWeb|ARM.ActiveCfg = RlsWeb|Any CPU
		{386CF0FF-127C-4B9E-8067-5120FA0B605C}.RlsWeb|ARM.Build.0 = RlsWeb|Any CPU
		{386CF0FF-127C-4B9E-8067-5120FA0B605C}.RlsWeb|ARM.Deploy.0 = RlsWeb|Any CPU
		{386CF0FF-127C-4B9E-8067-5120FA0B605C}.RlsWeb|iPhone.ActiveCfg = RlsWeb|Any CPU
		{386CF0FF-127C-4B9E-8067-5120FA0B605C}.RlsWeb|iPhone.Build.0 = RlsWeb|Any CPU
		{386CF0FF-127C-4B9E-8067-5120FA0B605C}.RlsWeb|iPhone.Deploy.0 = RlsWeb|Any CPU
		{386CF0FF-127C-4B9E-8067-5120FA0B605C}.RlsWeb|iPhoneSimulator.ActiveCfg = RlsWeb|Any CPU
		{386CF0FF-127C-4B9E-8067-5120FA0B605C}.RlsWeb|iPhoneSimulator.Build.0 = RlsWeb|Any CPU
		{386CF0FF-127C-4B9E-8067-5120FA0B605C}.RlsWeb|iPhoneSimulator.Deploy.0 = RlsWeb|Any CPU
		{386CF0FF-127C-4B9E-8067-5120FA0B605C}.RlsWeb|x64.ActiveCfg = RlsWeb|Any CPU
		{386CF0FF-127C-4B9E-8067-5120FA0B605C}.RlsWeb|x64.Build.0 = RlsWeb|Any CPU
		{386CF0FF-127C-4B9E-8067-5120FA0B605C}.RlsWeb|x64.Deploy.0 = RlsWeb|Any CPU
		{386CF0FF-127C-4B9E-8067-5120FA0B605C}.RlsWeb|x86.ActiveCfg = RlsWeb|Any CPU
		{7D3ECBD1-49C8-4D6A-B879-5B7876C76389}.Ad-Hoc|Any CPU.ActiveCfg = Ad-Hoc|iPhone
		{7D3ECBD1-49C8-4D6A-B879-5B7876C76389}.Ad-Hoc|Any CPU.Build.0 = Ad-Hoc|iPhone
		{7D3ECBD1-49C8-4D6A-B879-5B7876C76389}.Ad-Hoc|Any CPU.Deploy.0 = Ad-Hoc|iPhone
		{7D3ECBD1-49C8-4D6A-B879-5B7876C76389}.Ad-Hoc|ARM.ActiveCfg = Ad-Hoc|iPhone
		{7D3ECBD1-49C8-4D6A-B879-5B7876C76389}.Ad-Hoc|ARM.Build.0 = Ad-Hoc|iPhone
		{7D3ECBD1-49C8-4D6A-B879-5B7876C76389}.Ad-Hoc|ARM.Deploy.0 = Ad-Hoc|iPhone
		{7D3ECBD1-49C8-4D6A-B879-5B7876C76389}.Ad-Hoc|iPhone.ActiveCfg = Ad-Hoc|iPhone
		{7D3ECBD1-49C8-4D6A-B879-5B7876C76389}.Ad-Hoc|iPhone.Build.0 = Ad-Hoc|iPhone
		{7D3ECBD1-49C8-4D6A-B879-5B7876C76389}.Ad-Hoc|iPhone.Deploy.0 = Ad-Hoc|iPhone
		{7D3ECBD1-49C8-4D6A-B879-5B7876C76389}.Ad-Hoc|iPhoneSimulator.ActiveCfg = Ad-Hoc|iPhoneSimulator
		{7D3ECBD1-49C8-4D6A-B879-5B7876C76389}.Ad-Hoc|iPhoneSimulator.Build.0 = Ad-Hoc|iPhoneSimulator
		{7D3ECBD1-49C8-4D6A-B879-5B7876C76389}.Ad-Hoc|iPhoneSimulator.Deploy.0 = Ad-Hoc|iPhoneSimulator
		{7D3ECBD1-49C8-4D6A-B879-5B7876C76389}.Ad-Hoc|x64.ActiveCfg = Ad-Hoc|iPhone
		{7D3ECBD1-49C8-4D6A-B879-5B7876C76389}.Ad-Hoc|x64.Build.0 = Ad-Hoc|iPhone
		{7D3ECBD1-49C8-4D6A-B879-5B7876C76389}.Ad-Hoc|x64.Deploy.0 = Ad-Hoc|iPhone
		{7D3ECBD1-49C8-4D6A-B879-5B7876C76389}.Ad-Hoc|x86.ActiveCfg = Ad-Hoc|iPhone
		{7D3ECBD1-49C8-4D6A-B879-5B7876C76389}.Ad-Hoc|x86.Build.0 = Ad-Hoc|iPhone
		{7D3ECBD1-49C8-4D6A-B879-5B7876C76389}.Ad-Hoc|x86.Deploy.0 = Ad-Hoc|iPhone
		{7D3ECBD1-49C8-4D6A-B879-5B7876C76389}.AppStore|Any CPU.ActiveCfg = AppStore|iPhone
		{7D3ECBD1-49C8-4D6A-B879-5B7876C76389}.AppStore|Any CPU.Build.0 = AppStore|iPhone
		{7D3ECBD1-49C8-4D6A-B879-5B7876C76389}.AppStore|Any CPU.Deploy.0 = AppStore|iPhone
		{7D3ECBD1-49C8-4D6A-B879-5B7876C76389}.AppStore|ARM.ActiveCfg = AppStore|iPhone
		{7D3ECBD1-49C8-4D6A-B879-5B7876C76389}.AppStore|ARM.Build.0 = AppStore|iPhone
		{7D3ECBD1-49C8-4D6A-B879-5B7876C76389}.AppStore|ARM.Deploy.0 = AppStore|iPhone
		{7D3ECBD1-49C8-4D6A-B879-5B7876C76389}.AppStore|iPhone.ActiveCfg = AppStore|iPhone
		{7D3ECBD1-49C8-4D6A-B879-5B7876C76389}.AppStore|iPhone.Build.0 = AppStore|iPhone
		{7D3ECBD1-49C8-4D6A-B879-5B7876C76389}.AppStore|iPhone.Deploy.0 = AppStore|iPhone
		{7D3ECBD1-49C8-4D6A-B879-5B7876C76389}.AppStore|iPhoneSimulator.ActiveCfg = AppStore|iPhoneSimulator
		{7D3ECBD1-49C8-4D6A-B879-5B7876C76389}.AppStore|iPhoneSimulator.Build.0 = AppStore|iPhoneSimulator
		{7D3ECBD1-49C8-4D6A-B879-5B7876C76389}.AppStore|iPhoneSimulator.Deploy.0 = AppStore|iPhoneSimulator
		{7D3ECBD1-49C8-4D6A-B879-5B7876C76389}.AppStore|x64.ActiveCfg = AppStore|iPhone
		{7D3ECBD1-49C8-4D6A-B879-5B7876C76389}.AppStore|x64.Build.0 = AppStore|iPhone
		{7D3ECBD1-49C8-4D6A-B879-5B7876C76389}.AppStore|x64.Deploy.0 = AppStore|iPhone
		{7D3ECBD1-49C8-4D6A-B879-5B7876C76389}.AppStore|x86.ActiveCfg = AppStore|iPhone
		{7D3ECBD1-49C8-4D6A-B879-5B7876C76389}.AppStore|x86.Build.0 = AppStore|iPhone
		{7D3ECBD1-49C8-4D6A-B879-5B7876C76389}.AppStore|x86.Deploy.0 = AppStore|iPhone
		{7D3ECBD1-49C8-4D6A-B879-5B7876C76389}.DbgWeb|Any CPU.ActiveCfg = DebugWeb|iPhone
		{7D3ECBD1-49C8-4D6A-B879-5B7876C76389}.DbgWeb|ARM.ActiveCfg = DebugWeb|iPhone
		{7D3ECBD1-49C8-4D6A-B879-5B7876C76389}.DbgWeb|iPhone.ActiveCfg = DebugWeb|iPhone
		{7D3ECBD1-49C8-4D6A-B879-5B7876C76389}.DbgWeb|iPhone.Build.0 = DebugWeb|iPhone
		{7D3ECBD1-49C8-4D6A-B879-5B7876C76389}.DbgWeb|iPhoneSimulator.ActiveCfg = DebugWeb|iPhoneSimulator
		{7D3ECBD1-49C8-4D6A-B879-5B7876C76389}.DbgWeb|iPhoneSimulator.Build.0 = DebugWeb|iPhoneSimulator
		{7D3ECBD1-49C8-4D6A-B879-5B7876C76389}.DbgWeb|x64.ActiveCfg = DebugWeb|iPhone
		{7D3ECBD1-49C8-4D6A-B879-5B7876C76389}.DbgWeb|x86.ActiveCfg = DebugWeb|iPhone
		{7D3ECBD1-49C8-4D6A-B879-5B7876C76389}.Debug|Any CPU.ActiveCfg = Debug|iPhoneSimulator
		{7D3ECBD1-49C8-4D6A-B879-5B7876C76389}.Debug|Any CPU.Build.0 = Debug|iPhoneSimulator
		{7D3ECBD1-49C8-4D6A-B879-5B7876C76389}.Debug|Any CPU.Deploy.0 = Debug|iPhoneSimulator
		{7D3ECBD1-49C8-4D6A-B879-5B7876C76389}.Debug|ARM.ActiveCfg = Debug|iPhone
		{7D3ECBD1-49C8-4D6A-B879-5B7876C76389}.Debug|ARM.Build.0 = Debug|iPhone
		{7D3ECBD1-49C8-4D6A-B879-5B7876C76389}.Debug|ARM.Deploy.0 = Debug|iPhone
		{7D3ECBD1-49C8-4D6A-B879-5B7876C76389}.Debug|iPhone.ActiveCfg = Debug|iPhone
		{7D3ECBD1-49C8-4D6A-B879-5B7876C76389}.Debug|iPhone.Build.0 = Debug|iPhone
		{7D3ECBD1-49C8-4D6A-B879-5B7876C76389}.Debug|iPhone.Deploy.0 = Debug|iPhone
		{7D3ECBD1-49C8-4D6A-B879-5B7876C76389}.Debug|iPhoneSimulator.ActiveCfg = Debug|iPhoneSimulator
		{7D3ECBD1-49C8-4D6A-B879-5B7876C76389}.Debug|iPhoneSimulator.Build.0 = Debug|iPhoneSimulator
		{7D3ECBD1-49C8-4D6A-B879-5B7876C76389}.Debug|iPhoneSimulator.Deploy.0 = Debug|iPhoneSimulator
		{7D3ECBD1-49C8-4D6A-B879-5B7876C76389}.Debug|x64.ActiveCfg = Debug|iPhone
		{7D3ECBD1-49C8-4D6A-B879-5B7876C76389}.Debug|x64.Build.0 = Debug|iPhone
		{7D3ECBD1-49C8-4D6A-B879-5B7876C76389}.Debug|x64.Deploy.0 = Debug|iPhone
		{7D3ECBD1-49C8-4D6A-B879-5B7876C76389}.Debug|x86.ActiveCfg = Debug|iPhone
		{7D3ECBD1-49C8-4D6A-B879-5B7876C76389}.Debug|x86.Build.0 = Debug|iPhone
		{7D3ECBD1-49C8-4D6A-B879-5B7876C76389}.Debug|x86.Deploy.0 = Debug|iPhone
		{7D3ECBD1-49C8-4D6A-B879-5B7876C76389}.Release|Any CPU.ActiveCfg = Release|iPhone
		{7D3ECBD1-49C8-4D6A-B879-5B7876C76389}.Release|Any CPU.Build.0 = Release|iPhone
		{7D3ECBD1-49C8-4D6A-B879-5B7876C76389}.Release|Any CPU.Deploy.0 = Release|iPhone
		{7D3ECBD1-49C8-4D6A-B879-5B7876C76389}.Release|ARM.ActiveCfg = Release|iPhone
		{7D3ECBD1-49C8-4D6A-B879-5B7876C76389}.Release|ARM.Build.0 = Release|iPhone
		{7D3ECBD1-49C8-4D6A-B879-5B7876C76389}.Release|ARM.Deploy.0 = Release|iPhone
		{7D3ECBD1-49C8-4D6A-B879-5B7876C76389}.Release|iPhone.ActiveCfg = Release|iPhone
		{7D3ECBD1-49C8-4D6A-B879-5B7876C76389}.Release|iPhone.Build.0 = Release|iPhone
		{7D3ECBD1-49C8-4D6A-B879-5B7876C76389}.Release|iPhone.Deploy.0 = Release|iPhone
		{7D3ECBD1-49C8-4D6A-B879-5B7876C76389}.Release|iPhoneSimulator.ActiveCfg = Release|iPhoneSimulator
		{7D3ECBD1-49C8-4D6A-B879-5B7876C76389}.Release|iPhoneSimulator.Build.0 = Release|iPhoneSimulator
		{7D3ECBD1-49C8-4D6A-B879-5B7876C76389}.Release|iPhoneSimulator.Deploy.0 = Release|iPhoneSimulator
		{7D3ECBD1-49C8-4D6A-B879-5B7876C76389}.Release|x64.ActiveCfg = Release|iPhone
		{7D3ECBD1-49C8-4D6A-B879-5B7876C76389}.Release|x64.Build.0 = Release|iPhone
		{7D3ECBD1-49C8-4D6A-B879-5B7876C76389}.Release|x64.Deploy.0 = Release|iPhone
		{7D3ECBD1-49C8-4D6A-B879-5B7876C76389}.Release|x86.ActiveCfg = Release|iPhone
		{7D3ECBD1-49C8-4D6A-B879-5B7876C76389}.Release|x86.Build.0 = Release|iPhone
		{7D3ECBD1-49C8-4D6A-B879-5B7876C76389}.Release|x86.Deploy.0 = Release|iPhone
		{7D3ECBD1-49C8-4D6A-B879-5B7876C76389}.RlsWeb|Any CPU.ActiveCfg = RlsWeb|iPhone
		{7D3ECBD1-49C8-4D6A-B879-5B7876C76389}.RlsWeb|ARM.ActiveCfg = RlsWeb|iPhone
		{7D3ECBD1-49C8-4D6A-B879-5B7876C76389}.RlsWeb|iPhone.ActiveCfg = RlsWeb|iPhone
		{7D3ECBD1-49C8-4D6A-B879-5B7876C76389}.RlsWeb|iPhone.Build.0 = RlsWeb|iPhone
		{7D3ECBD1-49C8-4D6A-B879-5B7876C76389}.RlsWeb|iPhoneSimulator.ActiveCfg = RlsWeb|iPhoneSimulator
		{7D3ECBD1-49C8-4D6A-B879-5B7876C76389}.RlsWeb|iPhoneSimulator.Build.0 = RlsWeb|iPhoneSimulator
		{7D3ECBD1-49C8-4D6A-B879-5B7876C76389}.RlsWeb|x64.ActiveCfg = RlsWeb|iPhone
		{7D3ECBD1-49C8-4D6A-B879-5B7876C76389}.RlsWeb|x86.ActiveCfg = RlsWeb|iPhone
		{9C1C75F6-925A-467D-9F22-6BAD0885E725}.Ad-Hoc|Any CPU.ActiveCfg = Release|x86
		{9C1C75F6-925A-467D-9F22-6BAD0885E725}.Ad-Hoc|Any CPU.Build.0 = Release|x86
		{9C1C75F6-925A-467D-9F22-6BAD0885E725}.Ad-Hoc|Any CPU.Deploy.0 = Release|x86
		{9C1C75F6-925A-467D-9F22-6BAD0885E725}.Ad-Hoc|ARM.ActiveCfg = Release|ARM
		{9C1C75F6-925A-467D-9F22-6BAD0885E725}.Ad-Hoc|ARM.Build.0 = Release|ARM
		{9C1C75F6-925A-467D-9F22-6BAD0885E725}.Ad-Hoc|ARM.Deploy.0 = Release|ARM
		{9C1C75F6-925A-467D-9F22-6BAD0885E725}.Ad-Hoc|iPhone.ActiveCfg = Release|x86
		{9C1C75F6-925A-467D-9F22-6BAD0885E725}.Ad-Hoc|iPhone.Build.0 = Release|x86
		{9C1C75F6-925A-467D-9F22-6BAD0885E725}.Ad-Hoc|iPhone.Deploy.0 = Release|x86
		{9C1C75F6-925A-467D-9F22-6BAD0885E725}.Ad-Hoc|iPhoneSimulator.ActiveCfg = Release|x86
		{9C1C75F6-925A-467D-9F22-6BAD0885E725}.Ad-Hoc|iPhoneSimulator.Build.0 = Release|x86
		{9C1C75F6-925A-467D-9F22-6BAD0885E725}.Ad-Hoc|iPhoneSimulator.Deploy.0 = Release|x86
		{9C1C75F6-925A-467D-9F22-6BAD0885E725}.Ad-Hoc|x64.ActiveCfg = Release|x64
		{9C1C75F6-925A-467D-9F22-6BAD0885E725}.Ad-Hoc|x64.Build.0 = Release|x64
		{9C1C75F6-925A-467D-9F22-6BAD0885E725}.Ad-Hoc|x64.Deploy.0 = Release|x64
		{9C1C75F6-925A-467D-9F22-6BAD0885E725}.Ad-Hoc|x86.ActiveCfg = Release|x86
		{9C1C75F6-925A-467D-9F22-6BAD0885E725}.Ad-Hoc|x86.Build.0 = Release|x86
		{9C1C75F6-925A-467D-9F22-6BAD0885E725}.Ad-Hoc|x86.Deploy.0 = Release|x86
		{9C1C75F6-925A-467D-9F22-6BAD0885E725}.AppStore|Any CPU.ActiveCfg = Release|x86
		{9C1C75F6-925A-467D-9F22-6BAD0885E725}.AppStore|Any CPU.Build.0 = Release|x86
		{9C1C75F6-925A-467D-9F22-6BAD0885E725}.AppStore|Any CPU.Deploy.0 = Release|x86
		{9C1C75F6-925A-467D-9F22-6BAD0885E725}.AppStore|ARM.ActiveCfg = Release|ARM
		{9C1C75F6-925A-467D-9F22-6BAD0885E725}.AppStore|ARM.Build.0 = Release|ARM
		{9C1C75F6-925A-467D-9F22-6BAD0885E725}.AppStore|ARM.Deploy.0 = Release|ARM
		{9C1C75F6-925A-467D-9F22-6BAD0885E725}.AppStore|iPhone.ActiveCfg = Release|x86
		{9C1C75F6-925A-467D-9F22-6BAD0885E725}.AppStore|iPhone.Build.0 = Release|x86
		{9C1C75F6-925A-467D-9F22-6BAD0885E725}.AppStore|iPhone.Deploy.0 = Release|x86
		{9C1C75F6-925A-467D-9F22-6BAD0885E725}.AppStore|iPhoneSimulator.ActiveCfg = Release|x86
		{9C1C75F6-925A-467D-9F22-6BAD0885E725}.AppStore|iPhoneSimulator.Build.0 = Release|x86
		{9C1C75F6-925A-467D-9F22-6BAD0885E725}.AppStore|iPhoneSimulator.Deploy.0 = Release|x86
		{9C1C75F6-925A-467D-9F22-6BAD0885E725}.AppStore|x64.ActiveCfg = Release|x64
		{9C1C75F6-925A-467D-9F22-6BAD0885E725}.AppStore|x64.Build.0 = Release|x64
		{9C1C75F6-925A-467D-9F22-6BAD0885E725}.AppStore|x64.Deploy.0 = Release|x64
		{9C1C75F6-925A-467D-9F22-6BAD0885E725}.AppStore|x86.ActiveCfg = Release|x86
		{9C1C75F6-925A-467D-9F22-6BAD0885E725}.AppStore|x86.Build.0 = Release|x86
		{9C1C75F6-925A-467D-9F22-6BAD0885E725}.AppStore|x86.Deploy.0 = Release|x86
		{9C1C75F6-925A-467D-9F22-6BAD0885E725}.DbgWeb|Any CPU.ActiveCfg = DebugWeb|x86
		{9C1C75F6-925A-467D-9F22-6BAD0885E725}.DbgWeb|ARM.ActiveCfg = DebugWeb|ARM
		{9C1C75F6-925A-467D-9F22-6BAD0885E725}.DbgWeb|ARM.Build.0 = DebugWeb|ARM
		{9C1C75F6-925A-467D-9F22-6BAD0885E725}.DbgWeb|ARM.Deploy.0 = DebugWeb|ARM
		{9C1C75F6-925A-467D-9F22-6BAD0885E725}.DbgWeb|iPhone.ActiveCfg = DebugWeb|x86
		{9C1C75F6-925A-467D-9F22-6BAD0885E725}.DbgWeb|iPhoneSimulator.ActiveCfg = DebugWeb|x86
		{9C1C75F6-925A-467D-9F22-6BAD0885E725}.DbgWeb|x64.ActiveCfg = DebugWeb|x64
		{9C1C75F6-925A-467D-9F22-6BAD0885E725}.DbgWeb|x64.Build.0 = DebugWeb|x64
		{9C1C75F6-925A-467D-9F22-6BAD0885E725}.DbgWeb|x64.Deploy.0 = DebugWeb|x64
		{9C1C75F6-925A-467D-9F22-6BAD0885E725}.DbgWeb|x86.ActiveCfg = DebugWeb|x86
		{9C1C75F6-925A-467D-9F22-6BAD0885E725}.Debug|Any CPU.ActiveCfg = Debug|x86
		{9C1C75F6-925A-467D-9F22-6BAD0885E725}.Debug|Any CPU.Build.0 = Debug|x86
		{9C1C75F6-925A-467D-9F22-6BAD0885E725}.Debug|Any CPU.Deploy.0 = Debug|x86
		{9C1C75F6-925A-467D-9F22-6BAD0885E725}.Debug|ARM.ActiveCfg = Debug|ARM
		{9C1C75F6-925A-467D-9F22-6BAD0885E725}.Debug|ARM.Build.0 = Debug|ARM
		{9C1C75F6-925A-467D-9F22-6BAD0885E725}.Debug|ARM.Deploy.0 = Debug|ARM
		{9C1C75F6-925A-467D-9F22-6BAD0885E725}.Debug|iPhone.ActiveCfg = Debug|x86
		{9C1C75F6-925A-467D-9F22-6BAD0885E725}.Debug|iPhone.Build.0 = Debug|x86
		{9C1C75F6-925A-467D-9F22-6BAD0885E725}.Debug|iPhone.Deploy.0 = Debug|x86
		{9C1C75F6-925A-467D-9F22-6BAD0885E725}.Debug|iPhoneSimulator.ActiveCfg = Debug|x86
		{9C1C75F6-925A-467D-9F22-6BAD0885E725}.Debug|iPhoneSimulator.Build.0 = Debug|x86
		{9C1C75F6-925A-467D-9F22-6BAD0885E725}.Debug|iPhoneSimulator.Deploy.0 = Debug|x86
		{9C1C75F6-925A-467D-9F22-6BAD0885E725}.Debug|x64.ActiveCfg = Debug|x64
		{9C1C75F6-925A-467D-9F22-6BAD0885E725}.Debug|x64.Build.0 = Debug|x64
		{9C1C75F6-925A-467D-9F22-6BAD0885E725}.Debug|x64.Deploy.0 = Debug|x64
		{9C1C75F6-925A-467D-9F22-6BAD0885E725}.Debug|x86.ActiveCfg = Debug|x86
		{9C1C75F6-925A-467D-9F22-6BAD0885E725}.Debug|x86.Build.0 = Debug|x86
		{9C1C75F6-925A-467D-9F22-6BAD0885E725}.Debug|x86.Deploy.0 = Debug|x86
		{9C1C75F6-925A-467D-9F22-6BAD0885E725}.Release|Any CPU.ActiveCfg = Release|x86
		{9C1C75F6-925A-467D-9F22-6BAD0885E725}.Release|Any CPU.Build.0 = Release|x86
		{9C1C75F6-925A-467D-9F22-6BAD0885E725}.Release|Any CPU.Deploy.0 = Release|x86
		{9C1C75F6-925A-467D-9F22-6BAD0885E725}.Release|ARM.ActiveCfg = Release|ARM
		{9C1C75F6-925A-467D-9F22-6BAD0885E725}.Release|ARM.Build.0 = Release|ARM
		{9C1C75F6-925A-467D-9F22-6BAD0885E725}.Release|ARM.Deploy.0 = Release|ARM
		{9C1C75F6-925A-467D-9F22-6BAD0885E725}.Release|iPhone.ActiveCfg = Release|x86
		{9C1C75F6-925A-467D-9F22-6BAD0885E725}.Release|iPhone.Build.0 = Release|x86
		{9C1C75F6-925A-467D-9F22-6BAD0885E725}.Release|iPhone.Deploy.0 = Release|x86
		{9C1C75F6-925A-467D-9F22-6BAD0885E725}.Release|iPhoneSimulator.ActiveCfg = Release|x86
		{9C1C75F6-925A-467D-9F22-6BAD0885E725}.Release|iPhoneSimulator.Build.0 = Release|x86
		{9C1C75F6-925A-467D-9F22-6BAD0885E725}.Release|iPhoneSimulator.Deploy.0 = Release|x86
		{9C1C75F6-925A-467D-9F22-6BAD0885E725}.Release|x64.ActiveCfg = Release|x64
		{9C1C75F6-925A-467D-9F22-6BAD0885E725}.Release|x64.Build.0 = Release|x64
		{9C1C75F6-925A-467D-9F22-6BAD0885E725}.Release|x64.Deploy.0 = Release|x64
		{9C1C75F6-925A-467D-9F22-6BAD0885E725}.Release|x86.ActiveCfg = Release|x86
		{9C1C75F6-925A-467D-9F22-6BAD0885E725}.Release|x86.Build.0 = Release|x86
		{9C1C75F6-925A-467D-9F22-6BAD0885E725}.Release|x86.Deploy.0 = Release|x86
		{9C1C75F6-925A-467D-9F22-6BAD0885E725}.RlsWeb|Any CPU.ActiveCfg = RlsWeb|x86
		{9C1C75F6-925A-467D-9F22-6BAD0885E725}.RlsWeb|ARM.ActiveCfg = RlsWeb|ARM
		{9C1C75F6-925A-467D-9F22-6BAD0885E725}.RlsWeb|ARM.Build.0 = RlsWeb|ARM
		{9C1C75F6-925A-467D-9F22-6BAD0885E725}.RlsWeb|ARM.Deploy.0 = RlsWeb|ARM
		{9C1C75F6-925A-467D-9F22-6BAD0885E725}.RlsWeb|iPhone.ActiveCfg = RlsWeb|x86
		{9C1C75F6-925A-467D-9F22-6BAD0885E725}.RlsWeb|iPhoneSimulator.ActiveCfg = RlsWeb|x86
		{9C1C75F6-925A-467D-9F22-6BAD0885E725}.RlsWeb|x64.ActiveCfg = RlsWeb|x64
		{9C1C75F6-925A-467D-9F22-6BAD0885E725}.RlsWeb|x64.Build.0 = RlsWeb|x64
		{9C1C75F6-925A-467D-9F22-6BAD0885E725}.RlsWeb|x64.Deploy.0 = RlsWeb|x64
		{9C1C75F6-925A-467D-9F22-6BAD0885E725}.RlsWeb|x86.ActiveCfg = RlsWeb|x86
		{855A47E9-2F26-4EB3-90C5-74AD19FFA63D}.Ad-Hoc|Any CPU.ActiveCfg = Debug|Any CPU
		{855A47E9-2F26-4EB3-90C5-74AD19FFA63D}.Ad-Hoc|Any CPU.Build.0 = Debug|Any CPU
		{855A47E9-2F26-4EB3-90C5-74AD19FFA63D}.Ad-Hoc|Any CPU.Deploy.0 = Debug|Any CPU
		{855A47E9-2F26-4EB3-90C5-74AD19FFA63D}.Ad-Hoc|ARM.ActiveCfg = Debug|Any CPU
		{855A47E9-2F26-4EB3-90C5-74AD19FFA63D}.Ad-Hoc|ARM.Build.0 = Debug|Any CPU
		{855A47E9-2F26-4EB3-90C5-74AD19FFA63D}.Ad-Hoc|ARM.Deploy.0 = Debug|Any CPU
		{855A47E9-2F26-4EB3-90C5-74AD19FFA63D}.Ad-Hoc|iPhone.ActiveCfg = Debug|Any CPU
		{855A47E9-2F26-4EB3-90C5-74AD19FFA63D}.Ad-Hoc|iPhone.Build.0 = Debug|Any CPU
		{855A47E9-2F26-4EB3-90C5-74AD19FFA63D}.Ad-Hoc|iPhone.Deploy.0 = Debug|Any CPU
		{855A47E9-2F26-4EB3-90C5-74AD19FFA63D}.Ad-Hoc|iPhoneSimulator.ActiveCfg = Debug|Any CPU
		{855A47E9-2F26-4EB3-90C5-74AD19FFA63D}.Ad-Hoc|iPhoneSimulator.Build.0 = Debug|Any CPU
		{855A47E9-2F26-4EB3-90C5-74AD19FFA63D}.Ad-Hoc|iPhoneSimulator.Deploy.0 = Debug|Any CPU
		{855A47E9-2F26-4EB3-90C5-74AD19FFA63D}.Ad-Hoc|x64.ActiveCfg = Debug|Any CPU
		{855A47E9-2F26-4EB3-90C5-74AD19FFA63D}.Ad-Hoc|x64.Build.0 = Debug|Any CPU
		{855A47E9-2F26-4EB3-90C5-74AD19FFA63D}.Ad-Hoc|x64.Deploy.0 = Debug|Any CPU
		{855A47E9-2F26-4EB3-90C5-74AD19FFA63D}.Ad-Hoc|x86.ActiveCfg = Debug|Any CPU
		{855A47E9-2F26-4EB3-90C5-74AD19FFA63D}.Ad-Hoc|x86.Build.0 = Debug|Any CPU
		{855A47E9-2F26-4EB3-90C5-74AD19FFA63D}.Ad-Hoc|x86.Deploy.0 = Debug|Any CPU
		{855A47E9-2F26-4EB3-90C5-74AD19FFA63D}.AppStore|Any CPU.ActiveCfg = Debug|Any CPU
		{855A47E9-2F26-4EB3-90C5-74AD19FFA63D}.AppStore|Any CPU.Build.0 = Debug|Any CPU
		{855A47E9-2F26-4EB3-90C5-74AD19FFA63D}.AppStore|Any CPU.Deploy.0 = Debug|Any CPU
		{855A47E9-2F26-4EB3-90C5-74AD19FFA63D}.AppStore|ARM.ActiveCfg = Debug|Any CPU
		{855A47E9-2F26-4EB3-90C5-74AD19FFA63D}.AppStore|ARM.Build.0 = Debug|Any CPU
		{855A47E9-2F26-4EB3-90C5-74AD19FFA63D}.AppStore|ARM.Deploy.0 = Debug|Any CPU
		{855A47E9-2F26-4EB3-90C5-74AD19FFA63D}.AppStore|iPhone.ActiveCfg = Debug|Any CPU
		{855A47E9-2F26-4EB3-90C5-74AD19FFA63D}.AppStore|iPhone.Build.0 = Debug|Any CPU
		{855A47E9-2F26-4EB3-90C5-74AD19FFA63D}.AppStore|iPhone.Deploy.0 = Debug|Any CPU
		{855A47E9-2F26-4EB3-90C5-74AD19FFA63D}.AppStore|iPhoneSimulator.ActiveCfg = Debug|Any CPU
		{855A47E9-2F26-4EB3-90C5-74AD19FFA63D}.AppStore|iPhoneSimulator.Build.0 = Debug|Any CPU
		{855A47E9-2F26-4EB3-90C5-74AD19FFA63D}.AppStore|iPhoneSimulator.Deploy.0 = Debug|Any CPU
		{855A47E9-2F26-4EB3-90C5-74AD19FFA63D}.AppStore|x64.ActiveCfg = Debug|Any CPU
		{855A47E9-2F26-4EB3-90C5-74AD19FFA63D}.AppStore|x64.Build.0 = Debug|Any CPU
		{855A47E9-2F26-4EB3-90C5-74AD19FFA63D}.AppStore|x64.Deploy.0 = Debug|Any CPU
		{855A47E9-2F26-4EB3-90C5-74AD19FFA63D}.AppStore|x86.ActiveCfg = Debug|Any CPU
		{855A47E9-2F26-4EB3-90C5-74AD19FFA63D}.AppStore|x86.Build.0 = Debug|Any CPU
		{855A47E9-2F26-4EB3-90C5-74AD19FFA63D}.AppStore|x86.Deploy.0 = Debug|Any CPU
		{855A47E9-2F26-4EB3-90C5-74AD19FFA63D}.DbgWeb|Any CPU.ActiveCfg = DebugWeb|Any CPU
		{855A47E9-2F26-4EB3-90C5-74AD19FFA63D}.DbgWeb|Any CPU.Build.0 = DebugWeb|Any CPU
		{855A47E9-2F26-4EB3-90C5-74AD19FFA63D}.DbgWeb|ARM.ActiveCfg = DebugWeb|Any CPU
		{855A47E9-2F26-4EB3-90C5-74AD19FFA63D}.DbgWeb|ARM.Build.0 = DebugWeb|Any CPU
		{855A47E9-2F26-4EB3-90C5-74AD19FFA63D}.DbgWeb|iPhone.ActiveCfg = DebugWeb|Any CPU
		{855A47E9-2F26-4EB3-90C5-74AD19FFA63D}.DbgWeb|iPhone.Build.0 = DebugWeb|Any CPU
		{855A47E9-2F26-4EB3-90C5-74AD19FFA63D}.DbgWeb|iPhoneSimulator.ActiveCfg = DebugWeb|Any CPU
		{855A47E9-2F26-4EB3-90C5-74AD19FFA63D}.DbgWeb|iPhoneSimulator.Build.0 = DebugWeb|Any CPU
		{855A47E9-2F26-4EB3-90C5-74AD19FFA63D}.DbgWeb|x64.ActiveCfg = DebugWeb|Any CPU
		{855A47E9-2F26-4EB3-90C5-74AD19FFA63D}.DbgWeb|x64.Build.0 = DebugWeb|Any CPU
		{855A47E9-2F26-4EB3-90C5-74AD19FFA63D}.DbgWeb|x86.ActiveCfg = DebugWeb|Any CPU
		{855A47E9-2F26-4EB3-90C5-74AD19FFA63D}.Debug|Any CPU.ActiveCfg = Debug|Any CPU
		{855A47E9-2F26-4EB3-90C5-74AD19FFA63D}.Debug|Any CPU.Build.0 = Debug|Any CPU
		{855A47E9-2F26-4EB3-90C5-74AD19FFA63D}.Debug|Any CPU.Deploy.0 = Debug|Any CPU
		{855A47E9-2F26-4EB3-90C5-74AD19FFA63D}.Debug|ARM.ActiveCfg = Debug|Any CPU
		{855A47E9-2F26-4EB3-90C5-74AD19FFA63D}.Debug|ARM.Build.0 = Debug|Any CPU
		{855A47E9-2F26-4EB3-90C5-74AD19FFA63D}.Debug|ARM.Deploy.0 = Debug|Any CPU
		{855A47E9-2F26-4EB3-90C5-74AD19FFA63D}.Debug|iPhone.ActiveCfg = Debug|Any CPU
		{855A47E9-2F26-4EB3-90C5-74AD19FFA63D}.Debug|iPhone.Build.0 = Debug|Any CPU
		{855A47E9-2F26-4EB3-90C5-74AD19FFA63D}.Debug|iPhone.Deploy.0 = Debug|Any CPU
		{855A47E9-2F26-4EB3-90C5-74AD19FFA63D}.Debug|iPhoneSimulator.ActiveCfg = Debug|Any CPU
		{855A47E9-2F26-4EB3-90C5-74AD19FFA63D}.Debug|iPhoneSimulator.Build.0 = Debug|Any CPU
		{855A47E9-2F26-4EB3-90C5-74AD19FFA63D}.Debug|iPhoneSimulator.Deploy.0 = Debug|Any CPU
		{855A47E9-2F26-4EB3-90C5-74AD19FFA63D}.Debug|x64.ActiveCfg = Debug|Any CPU
		{855A47E9-2F26-4EB3-90C5-74AD19FFA63D}.Debug|x64.Build.0 = Debug|Any CPU
		{855A47E9-2F26-4EB3-90C5-74AD19FFA63D}.Debug|x64.Deploy.0 = Debug|Any CPU
		{855A47E9-2F26-4EB3-90C5-74AD19FFA63D}.Debug|x86.ActiveCfg = Debug|Any CPU
		{855A47E9-2F26-4EB3-90C5-74AD19FFA63D}.Debug|x86.Build.0 = Debug|Any CPU
		{855A47E9-2F26-4EB3-90C5-74AD19FFA63D}.Debug|x86.Deploy.0 = Debug|Any CPU
		{855A47E9-2F26-4EB3-90C5-74AD19FFA63D}.Release|Any CPU.ActiveCfg = Release|Any CPU
		{855A47E9-2F26-4EB3-90C5-74AD19FFA63D}.Release|Any CPU.Build.0 = Release|Any CPU
		{855A47E9-2F26-4EB3-90C5-74AD19FFA63D}.Release|Any CPU.Deploy.0 = Release|Any CPU
		{855A47E9-2F26-4EB3-90C5-74AD19FFA63D}.Release|ARM.ActiveCfg = Release|Any CPU
		{855A47E9-2F26-4EB3-90C5-74AD19FFA63D}.Release|ARM.Build.0 = Release|Any CPU
		{855A47E9-2F26-4EB3-90C5-74AD19FFA63D}.Release|ARM.Deploy.0 = Release|Any CPU
		{855A47E9-2F26-4EB3-90C5-74AD19FFA63D}.Release|iPhone.ActiveCfg = Release|Any CPU
		{855A47E9-2F26-4EB3-90C5-74AD19FFA63D}.Release|iPhone.Build.0 = Release|Any CPU
		{855A47E9-2F26-4EB3-90C5-74AD19FFA63D}.Release|iPhone.Deploy.0 = Release|Any CPU
		{855A47E9-2F26-4EB3-90C5-74AD19FFA63D}.Release|iPhoneSimulator.ActiveCfg = Release|Any CPU
		{855A47E9-2F26-4EB3-90C5-74AD19FFA63D}.Release|iPhoneSimulator.Build.0 = Release|Any CPU
		{855A47E9-2F26-4EB3-90C5-74AD19FFA63D}.Release|iPhoneSimulator.Deploy.0 = Release|Any CPU
		{855A47E9-2F26-4EB3-90C5-74AD19FFA63D}.Release|x64.ActiveCfg = Release|Any CPU
		{855A47E9-2F26-4EB3-90C5-74AD19FFA63D}.Release|x64.Build.0 = Release|Any CPU
		{855A47E9-2F26-4EB3-90C5-74AD19FFA63D}.Release|x64.Deploy.0 = Release|Any CPU
		{855A47E9-2F26-4EB3-90C5-74AD19FFA63D}.Release|x86.ActiveCfg = Release|Any CPU
		{855A47E9-2F26-4EB3-90C5-74AD19FFA63D}.Release|x86.Build.0 = Release|Any CPU
		{855A47E9-2F26-4EB3-90C5-74AD19FFA63D}.Release|x86.Deploy.0 = Release|Any CPU
		{855A47E9-2F26-4EB3-90C5-74AD19FFA63D}.RlsWeb|Any CPU.ActiveCfg = RlsWeb|Any CPU
		{855A47E9-2F26-4EB3-90C5-74AD19FFA63D}.RlsWeb|ARM.ActiveCfg = RlsWeb|Any CPU
		{855A47E9-2F26-4EB3-90C5-74AD19FFA63D}.RlsWeb|ARM.Build.0 = RlsWeb|Any CPU
		{855A47E9-2F26-4EB3-90C5-74AD19FFA63D}.RlsWeb|iPhone.ActiveCfg = RlsWeb|Any CPU
		{855A47E9-2F26-4EB3-90C5-74AD19FFA63D}.RlsWeb|iPhone.Build.0 = RlsWeb|Any CPU
		{855A47E9-2F26-4EB3-90C5-74AD19FFA63D}.RlsWeb|iPhoneSimulator.ActiveCfg = RlsWeb|Any CPU
		{855A47E9-2F26-4EB3-90C5-74AD19FFA63D}.RlsWeb|iPhoneSimulator.Build.0 = RlsWeb|Any CPU
		{855A47E9-2F26-4EB3-90C5-74AD19FFA63D}.RlsWeb|x64.ActiveCfg = RlsWeb|Any CPU
		{855A47E9-2F26-4EB3-90C5-74AD19FFA63D}.RlsWeb|x64.Build.0 = RlsWeb|Any CPU
		{855A47E9-2F26-4EB3-90C5-74AD19FFA63D}.RlsWeb|x86.ActiveCfg = RlsWeb|Any CPU
		{49F59E4F-A463-4629-8E7F-6CDFDEF7DCD9}.Ad-Hoc|Any CPU.ActiveCfg = Debug|Any CPU
		{49F59E4F-A463-4629-8E7F-6CDFDEF7DCD9}.Ad-Hoc|Any CPU.Build.0 = Debug|Any CPU
		{49F59E4F-A463-4629-8E7F-6CDFDEF7DCD9}.Ad-Hoc|ARM.ActiveCfg = Debug|Any CPU
		{49F59E4F-A463-4629-8E7F-6CDFDEF7DCD9}.Ad-Hoc|ARM.Build.0 = Debug|Any CPU
		{49F59E4F-A463-4629-8E7F-6CDFDEF7DCD9}.Ad-Hoc|iPhone.ActiveCfg = Debug|Any CPU
		{49F59E4F-A463-4629-8E7F-6CDFDEF7DCD9}.Ad-Hoc|iPhone.Build.0 = Debug|Any CPU
		{49F59E4F-A463-4629-8E7F-6CDFDEF7DCD9}.Ad-Hoc|iPhoneSimulator.ActiveCfg = Debug|Any CPU
		{49F59E4F-A463-4629-8E7F-6CDFDEF7DCD9}.Ad-Hoc|iPhoneSimulator.Build.0 = Debug|Any CPU
		{49F59E4F-A463-4629-8E7F-6CDFDEF7DCD9}.Ad-Hoc|x64.ActiveCfg = Debug|Any CPU
		{49F59E4F-A463-4629-8E7F-6CDFDEF7DCD9}.Ad-Hoc|x64.Build.0 = Debug|Any CPU
		{49F59E4F-A463-4629-8E7F-6CDFDEF7DCD9}.Ad-Hoc|x86.ActiveCfg = Debug|Any CPU
		{49F59E4F-A463-4629-8E7F-6CDFDEF7DCD9}.Ad-Hoc|x86.Build.0 = Debug|Any CPU
		{49F59E4F-A463-4629-8E7F-6CDFDEF7DCD9}.AppStore|Any CPU.ActiveCfg = Debug|Any CPU
		{49F59E4F-A463-4629-8E7F-6CDFDEF7DCD9}.AppStore|Any CPU.Build.0 = Debug|Any CPU
		{49F59E4F-A463-4629-8E7F-6CDFDEF7DCD9}.AppStore|ARM.ActiveCfg = Debug|Any CPU
		{49F59E4F-A463-4629-8E7F-6CDFDEF7DCD9}.AppStore|ARM.Build.0 = Debug|Any CPU
		{49F59E4F-A463-4629-8E7F-6CDFDEF7DCD9}.AppStore|iPhone.ActiveCfg = Debug|Any CPU
		{49F59E4F-A463-4629-8E7F-6CDFDEF7DCD9}.AppStore|iPhone.Build.0 = Debug|Any CPU
		{49F59E4F-A463-4629-8E7F-6CDFDEF7DCD9}.AppStore|iPhoneSimulator.ActiveCfg = Debug|Any CPU
		{49F59E4F-A463-4629-8E7F-6CDFDEF7DCD9}.AppStore|iPhoneSimulator.Build.0 = Debug|Any CPU
		{49F59E4F-A463-4629-8E7F-6CDFDEF7DCD9}.AppStore|x64.ActiveCfg = Debug|Any CPU
		{49F59E4F-A463-4629-8E7F-6CDFDEF7DCD9}.AppStore|x64.Build.0 = Debug|Any CPU
		{49F59E4F-A463-4629-8E7F-6CDFDEF7DCD9}.AppStore|x86.ActiveCfg = Debug|Any CPU
		{49F59E4F-A463-4629-8E7F-6CDFDEF7DCD9}.AppStore|x86.Build.0 = Debug|Any CPU
		{49F59E4F-A463-4629-8E7F-6CDFDEF7DCD9}.DbgWeb|Any CPU.ActiveCfg = DebugWeb|Any CPU
		{49F59E4F-A463-4629-8E7F-6CDFDEF7DCD9}.DbgWeb|Any CPU.Build.0 = DebugWeb|Any CPU
		{49F59E4F-A463-4629-8E7F-6CDFDEF7DCD9}.DbgWeb|ARM.ActiveCfg = DebugWeb|Any CPU
		{49F59E4F-A463-4629-8E7F-6CDFDEF7DCD9}.DbgWeb|ARM.Build.0 = DebugWeb|Any CPU
		{49F59E4F-A463-4629-8E7F-6CDFDEF7DCD9}.DbgWeb|iPhone.ActiveCfg = DebugWeb|Any CPU
		{49F59E4F-A463-4629-8E7F-6CDFDEF7DCD9}.DbgWeb|iPhone.Build.0 = DebugWeb|Any CPU
		{49F59E4F-A463-4629-8E7F-6CDFDEF7DCD9}.DbgWeb|iPhoneSimulator.ActiveCfg = DebugWeb|Any CPU
		{49F59E4F-A463-4629-8E7F-6CDFDEF7DCD9}.DbgWeb|iPhoneSimulator.Build.0 = DebugWeb|Any CPU
		{49F59E4F-A463-4629-8E7F-6CDFDEF7DCD9}.DbgWeb|x64.ActiveCfg = DebugWeb|Any CPU
		{49F59E4F-A463-4629-8E7F-6CDFDEF7DCD9}.DbgWeb|x64.Build.0 = DebugWeb|Any CPU
		{49F59E4F-A463-4629-8E7F-6CDFDEF7DCD9}.DbgWeb|x86.ActiveCfg = DebugWeb|Any CPU
		{49F59E4F-A463-4629-8E7F-6CDFDEF7DCD9}.DbgWeb|x86.Build.0 = DebugWeb|Any CPU
		{49F59E4F-A463-4629-8E7F-6CDFDEF7DCD9}.Debug|Any CPU.ActiveCfg = Debug|Any CPU
		{49F59E4F-A463-4629-8E7F-6CDFDEF7DCD9}.Debug|Any CPU.Build.0 = Debug|Any CPU
		{49F59E4F-A463-4629-8E7F-6CDFDEF7DCD9}.Debug|ARM.ActiveCfg = Debug|Any CPU
		{49F59E4F-A463-4629-8E7F-6CDFDEF7DCD9}.Debug|ARM.Build.0 = Debug|Any CPU
		{49F59E4F-A463-4629-8E7F-6CDFDEF7DCD9}.Debug|iPhone.ActiveCfg = Debug|Any CPU
		{49F59E4F-A463-4629-8E7F-6CDFDEF7DCD9}.Debug|iPhone.Build.0 = Debug|Any CPU
		{49F59E4F-A463-4629-8E7F-6CDFDEF7DCD9}.Debug|iPhoneSimulator.ActiveCfg = Debug|Any CPU
		{49F59E4F-A463-4629-8E7F-6CDFDEF7DCD9}.Debug|iPhoneSimulator.Build.0 = Debug|Any CPU
		{49F59E4F-A463-4629-8E7F-6CDFDEF7DCD9}.Debug|x64.ActiveCfg = Debug|Any CPU
		{49F59E4F-A463-4629-8E7F-6CDFDEF7DCD9}.Debug|x64.Build.0 = Debug|Any CPU
		{49F59E4F-A463-4629-8E7F-6CDFDEF7DCD9}.Debug|x86.ActiveCfg = Debug|Any CPU
		{49F59E4F-A463-4629-8E7F-6CDFDEF7DCD9}.Debug|x86.Build.0 = Debug|Any CPU
		{49F59E4F-A463-4629-8E7F-6CDFDEF7DCD9}.Release|Any CPU.ActiveCfg = Release|Any CPU
		{49F59E4F-A463-4629-8E7F-6CDFDEF7DCD9}.Release|Any CPU.Build.0 = Release|Any CPU
		{49F59E4F-A463-4629-8E7F-6CDFDEF7DCD9}.Release|ARM.ActiveCfg = Release|Any CPU
		{49F59E4F-A463-4629-8E7F-6CDFDEF7DCD9}.Release|ARM.Build.0 = Release|Any CPU
		{49F59E4F-A463-4629-8E7F-6CDFDEF7DCD9}.Release|iPhone.ActiveCfg = Release|Any CPU
		{49F59E4F-A463-4629-8E7F-6CDFDEF7DCD9}.Release|iPhone.Build.0 = Release|Any CPU
		{49F59E4F-A463-4629-8E7F-6CDFDEF7DCD9}.Release|iPhoneSimulator.ActiveCfg = Release|Any CPU
		{49F59E4F-A463-4629-8E7F-6CDFDEF7DCD9}.Release|iPhoneSimulator.Build.0 = Release|Any CPU
		{49F59E4F-A463-4629-8E7F-6CDFDEF7DCD9}.Release|x64.ActiveCfg = Release|Any CPU
		{49F59E4F-A463-4629-8E7F-6CDFDEF7DCD9}.Release|x64.Build.0 = Release|Any CPU
		{49F59E4F-A463-4629-8E7F-6CDFDEF7DCD9}.Release|x86.ActiveCfg = Release|Any CPU
		{49F59E4F-A463-4629-8E7F-6CDFDEF7DCD9}.Release|x86.Build.0 = Release|Any CPU
		{49F59E4F-A463-4629-8E7F-6CDFDEF7DCD9}.RlsWeb|Any CPU.ActiveCfg = RlsWeb|Any CPU
		{49F59E4F-A463-4629-8E7F-6CDFDEF7DCD9}.RlsWeb|Any CPU.Build.0 = RlsWeb|Any CPU
		{49F59E4F-A463-4629-8E7F-6CDFDEF7DCD9}.RlsWeb|ARM.ActiveCfg = RlsWeb|Any CPU
		{49F59E4F-A463-4629-8E7F-6CDFDEF7DCD9}.RlsWeb|ARM.Build.0 = RlsWeb|Any CPU
		{49F59E4F-A463-4629-8E7F-6CDFDEF7DCD9}.RlsWeb|iPhone.ActiveCfg = RlsWeb|Any CPU
		{49F59E4F-A463-4629-8E7F-6CDFDEF7DCD9}.RlsWeb|iPhone.Build.0 = RlsWeb|Any CPU
		{49F59E4F-A463-4629-8E7F-6CDFDEF7DCD9}.RlsWeb|iPhoneSimulator.ActiveCfg = RlsWeb|Any CPU
		{49F59E4F-A463-4629-8E7F-6CDFDEF7DCD9}.RlsWeb|iPhoneSimulator.Build.0 = RlsWeb|Any CPU
		{49F59E4F-A463-4629-8E7F-6CDFDEF7DCD9}.RlsWeb|x64.ActiveCfg = RlsWeb|Any CPU
		{49F59E4F-A463-4629-8E7F-6CDFDEF7DCD9}.RlsWeb|x64.Build.0 = RlsWeb|Any CPU
		{49F59E4F-A463-4629-8E7F-6CDFDEF7DCD9}.RlsWeb|x86.ActiveCfg = RlsWeb|Any CPU
		{49F59E4F-A463-4629-8E7F-6CDFDEF7DCD9}.RlsWeb|x86.Build.0 = RlsWeb|Any CPU
		{92994BE1-A509-4558-8BF8-D3A086F69C9C}.Ad-Hoc|Any CPU.ActiveCfg = Debug|Any CPU
		{92994BE1-A509-4558-8BF8-D3A086F69C9C}.Ad-Hoc|Any CPU.Build.0 = Debug|Any CPU
		{92994BE1-A509-4558-8BF8-D3A086F69C9C}.Ad-Hoc|ARM.ActiveCfg = Debug|Any CPU
		{92994BE1-A509-4558-8BF8-D3A086F69C9C}.Ad-Hoc|ARM.Build.0 = Debug|Any CPU
		{92994BE1-A509-4558-8BF8-D3A086F69C9C}.Ad-Hoc|iPhone.ActiveCfg = Debug|Any CPU
		{92994BE1-A509-4558-8BF8-D3A086F69C9C}.Ad-Hoc|iPhone.Build.0 = Debug|Any CPU
		{92994BE1-A509-4558-8BF8-D3A086F69C9C}.Ad-Hoc|iPhoneSimulator.ActiveCfg = Debug|Any CPU
		{92994BE1-A509-4558-8BF8-D3A086F69C9C}.Ad-Hoc|iPhoneSimulator.Build.0 = Debug|Any CPU
		{92994BE1-A509-4558-8BF8-D3A086F69C9C}.Ad-Hoc|x64.ActiveCfg = Debug|Any CPU
		{92994BE1-A509-4558-8BF8-D3A086F69C9C}.Ad-Hoc|x64.Build.0 = Debug|Any CPU
		{92994BE1-A509-4558-8BF8-D3A086F69C9C}.Ad-Hoc|x86.ActiveCfg = Debug|Any CPU
		{92994BE1-A509-4558-8BF8-D3A086F69C9C}.Ad-Hoc|x86.Build.0 = Debug|Any CPU
		{92994BE1-A509-4558-8BF8-D3A086F69C9C}.AppStore|Any CPU.ActiveCfg = Debug|Any CPU
		{92994BE1-A509-4558-8BF8-D3A086F69C9C}.AppStore|Any CPU.Build.0 = Debug|Any CPU
		{92994BE1-A509-4558-8BF8-D3A086F69C9C}.AppStore|ARM.ActiveCfg = Debug|Any CPU
		{92994BE1-A509-4558-8BF8-D3A086F69C9C}.AppStore|ARM.Build.0 = Debug|Any CPU
		{92994BE1-A509-4558-8BF8-D3A086F69C9C}.AppStore|iPhone.ActiveCfg = Debug|Any CPU
		{92994BE1-A509-4558-8BF8-D3A086F69C9C}.AppStore|iPhone.Build.0 = Debug|Any CPU
		{92994BE1-A509-4558-8BF8-D3A086F69C9C}.AppStore|iPhoneSimulator.ActiveCfg = Debug|Any CPU
		{92994BE1-A509-4558-8BF8-D3A086F69C9C}.AppStore|iPhoneSimulator.Build.0 = Debug|Any CPU
		{92994BE1-A509-4558-8BF8-D3A086F69C9C}.AppStore|x64.ActiveCfg = Debug|Any CPU
		{92994BE1-A509-4558-8BF8-D3A086F69C9C}.AppStore|x64.Build.0 = Debug|Any CPU
		{92994BE1-A509-4558-8BF8-D3A086F69C9C}.AppStore|x86.ActiveCfg = Debug|Any CPU
		{92994BE1-A509-4558-8BF8-D3A086F69C9C}.AppStore|x86.Build.0 = Debug|Any CPU
		{92994BE1-A509-4558-8BF8-D3A086F69C9C}.DbgWeb|Any CPU.ActiveCfg = DebugWeb|Any CPU
		{92994BE1-A509-4558-8BF8-D3A086F69C9C}.DbgWeb|Any CPU.Build.0 = DebugWeb|Any CPU
		{92994BE1-A509-4558-8BF8-D3A086F69C9C}.DbgWeb|ARM.ActiveCfg = DebugWeb|Any CPU
		{92994BE1-A509-4558-8BF8-D3A086F69C9C}.DbgWeb|ARM.Build.0 = DebugWeb|Any CPU
		{92994BE1-A509-4558-8BF8-D3A086F69C9C}.DbgWeb|iPhone.ActiveCfg = DebugWeb|Any CPU
		{92994BE1-A509-4558-8BF8-D3A086F69C9C}.DbgWeb|iPhone.Build.0 = DebugWeb|Any CPU
		{92994BE1-A509-4558-8BF8-D3A086F69C9C}.DbgWeb|iPhoneSimulator.ActiveCfg = DebugWeb|Any CPU
		{92994BE1-A509-4558-8BF8-D3A086F69C9C}.DbgWeb|iPhoneSimulator.Build.0 = DebugWeb|Any CPU
		{92994BE1-A509-4558-8BF8-D3A086F69C9C}.DbgWeb|x64.ActiveCfg = DebugWeb|Any CPU
		{92994BE1-A509-4558-8BF8-D3A086F69C9C}.DbgWeb|x64.Build.0 = DebugWeb|Any CPU
		{92994BE1-A509-4558-8BF8-D3A086F69C9C}.DbgWeb|x86.ActiveCfg = DebugWeb|Any CPU
		{92994BE1-A509-4558-8BF8-D3A086F69C9C}.DbgWeb|x86.Build.0 = DebugWeb|Any CPU
		{92994BE1-A509-4558-8BF8-D3A086F69C9C}.Debug|Any CPU.ActiveCfg = Debug|Any CPU
		{92994BE1-A509-4558-8BF8-D3A086F69C9C}.Debug|Any CPU.Build.0 = Debug|Any CPU
		{92994BE1-A509-4558-8BF8-D3A086F69C9C}.Debug|ARM.ActiveCfg = Debug|Any CPU
		{92994BE1-A509-4558-8BF8-D3A086F69C9C}.Debug|ARM.Build.0 = Debug|Any CPU
		{92994BE1-A509-4558-8BF8-D3A086F69C9C}.Debug|iPhone.ActiveCfg = Debug|Any CPU
		{92994BE1-A509-4558-8BF8-D3A086F69C9C}.Debug|iPhone.Build.0 = Debug|Any CPU
		{92994BE1-A509-4558-8BF8-D3A086F69C9C}.Debug|iPhoneSimulator.ActiveCfg = Debug|Any CPU
		{92994BE1-A509-4558-8BF8-D3A086F69C9C}.Debug|iPhoneSimulator.Build.0 = Debug|Any CPU
		{92994BE1-A509-4558-8BF8-D3A086F69C9C}.Debug|x64.ActiveCfg = Debug|Any CPU
		{92994BE1-A509-4558-8BF8-D3A086F69C9C}.Debug|x64.Build.0 = Debug|Any CPU
		{92994BE1-A509-4558-8BF8-D3A086F69C9C}.Debug|x86.ActiveCfg = Debug|Any CPU
		{92994BE1-A509-4558-8BF8-D3A086F69C9C}.Debug|x86.Build.0 = Debug|Any CPU
		{92994BE1-A509-4558-8BF8-D3A086F69C9C}.Release|Any CPU.ActiveCfg = Release|Any CPU
		{92994BE1-A509-4558-8BF8-D3A086F69C9C}.Release|Any CPU.Build.0 = Release|Any CPU
		{92994BE1-A509-4558-8BF8-D3A086F69C9C}.Release|ARM.ActiveCfg = Release|Any CPU
		{92994BE1-A509-4558-8BF8-D3A086F69C9C}.Release|ARM.Build.0 = Release|Any CPU
		{92994BE1-A509-4558-8BF8-D3A086F69C9C}.Release|iPhone.ActiveCfg = Release|Any CPU
		{92994BE1-A509-4558-8BF8-D3A086F69C9C}.Release|iPhone.Build.0 = Release|Any CPU
		{92994BE1-A509-4558-8BF8-D3A086F69C9C}.Release|iPhoneSimulator.ActiveCfg = Release|Any CPU
		{92994BE1-A509-4558-8BF8-D3A086F69C9C}.Release|iPhoneSimulator.Build.0 = Release|Any CPU
		{92994BE1-A509-4558-8BF8-D3A086F69C9C}.Release|x64.ActiveCfg = Release|Any CPU
		{92994BE1-A509-4558-8BF8-D3A086F69C9C}.Release|x64.Build.0 = Release|Any CPU
		{92994BE1-A509-4558-8BF8-D3A086F69C9C}.Release|x86.ActiveCfg = Release|Any CPU
		{92994BE1-A509-4558-8BF8-D3A086F69C9C}.Release|x86.Build.0 = Release|Any CPU
		{92994BE1-A509-4558-8BF8-D3A086F69C9C}.RlsWeb|Any CPU.ActiveCfg = RlsWeb|Any CPU
		{92994BE1-A509-4558-8BF8-D3A086F69C9C}.RlsWeb|Any CPU.Build.0 = RlsWeb|Any CPU
		{92994BE1-A509-4558-8BF8-D3A086F69C9C}.RlsWeb|ARM.ActiveCfg = RlsWeb|Any CPU
		{92994BE1-A509-4558-8BF8-D3A086F69C9C}.RlsWeb|ARM.Build.0 = RlsWeb|Any CPU
		{92994BE1-A509-4558-8BF8-D3A086F69C9C}.RlsWeb|iPhone.ActiveCfg = RlsWeb|Any CPU
		{92994BE1-A509-4558-8BF8-D3A086F69C9C}.RlsWeb|iPhone.Build.0 = RlsWeb|Any CPU
		{92994BE1-A509-4558-8BF8-D3A086F69C9C}.RlsWeb|iPhoneSimulator.ActiveCfg = RlsWeb|Any CPU
		{92994BE1-A509-4558-8BF8-D3A086F69C9C}.RlsWeb|iPhoneSimulator.Build.0 = RlsWeb|Any CPU
		{92994BE1-A509-4558-8BF8-D3A086F69C9C}.RlsWeb|x64.ActiveCfg = RlsWeb|Any CPU
		{92994BE1-A509-4558-8BF8-D3A086F69C9C}.RlsWeb|x64.Build.0 = RlsWeb|Any CPU
		{92994BE1-A509-4558-8BF8-D3A086F69C9C}.RlsWeb|x86.ActiveCfg = RlsWeb|Any CPU
		{92994BE1-A509-4558-8BF8-D3A086F69C9C}.RlsWeb|x86.Build.0 = RlsWeb|Any CPU
		{E022AC2B-9F93-4612-A73C-E7CFD5874996}.Ad-Hoc|Any CPU.ActiveCfg = Debug|Any CPU
		{E022AC2B-9F93-4612-A73C-E7CFD5874996}.Ad-Hoc|Any CPU.Build.0 = Debug|Any CPU
		{E022AC2B-9F93-4612-A73C-E7CFD5874996}.Ad-Hoc|ARM.ActiveCfg = Debug|Any CPU
		{E022AC2B-9F93-4612-A73C-E7CFD5874996}.Ad-Hoc|ARM.Build.0 = Debug|Any CPU
		{E022AC2B-9F93-4612-A73C-E7CFD5874996}.Ad-Hoc|iPhone.ActiveCfg = Debug|Any CPU
		{E022AC2B-9F93-4612-A73C-E7CFD5874996}.Ad-Hoc|iPhone.Build.0 = Debug|Any CPU
		{E022AC2B-9F93-4612-A73C-E7CFD5874996}.Ad-Hoc|iPhoneSimulator.ActiveCfg = Debug|Any CPU
		{E022AC2B-9F93-4612-A73C-E7CFD5874996}.Ad-Hoc|iPhoneSimulator.Build.0 = Debug|Any CPU
		{E022AC2B-9F93-4612-A73C-E7CFD5874996}.Ad-Hoc|x64.ActiveCfg = Debug|Any CPU
		{E022AC2B-9F93-4612-A73C-E7CFD5874996}.Ad-Hoc|x64.Build.0 = Debug|Any CPU
		{E022AC2B-9F93-4612-A73C-E7CFD5874996}.Ad-Hoc|x86.ActiveCfg = Debug|Any CPU
		{E022AC2B-9F93-4612-A73C-E7CFD5874996}.Ad-Hoc|x86.Build.0 = Debug|Any CPU
		{E022AC2B-9F93-4612-A73C-E7CFD5874996}.AppStore|Any CPU.ActiveCfg = Debug|Any CPU
		{E022AC2B-9F93-4612-A73C-E7CFD5874996}.AppStore|Any CPU.Build.0 = Debug|Any CPU
		{E022AC2B-9F93-4612-A73C-E7CFD5874996}.AppStore|ARM.ActiveCfg = Debug|Any CPU
		{E022AC2B-9F93-4612-A73C-E7CFD5874996}.AppStore|ARM.Build.0 = Debug|Any CPU
		{E022AC2B-9F93-4612-A73C-E7CFD5874996}.AppStore|iPhone.ActiveCfg = Debug|Any CPU
		{E022AC2B-9F93-4612-A73C-E7CFD5874996}.AppStore|iPhone.Build.0 = Debug|Any CPU
		{E022AC2B-9F93-4612-A73C-E7CFD5874996}.AppStore|iPhoneSimulator.ActiveCfg = Debug|Any CPU
		{E022AC2B-9F93-4612-A73C-E7CFD5874996}.AppStore|iPhoneSimulator.Build.0 = Debug|Any CPU
		{E022AC2B-9F93-4612-A73C-E7CFD5874996}.AppStore|x64.ActiveCfg = Debug|Any CPU
		{E022AC2B-9F93-4612-A73C-E7CFD5874996}.AppStore|x64.Build.0 = Debug|Any CPU
		{E022AC2B-9F93-4612-A73C-E7CFD5874996}.AppStore|x86.ActiveCfg = Debug|Any CPU
		{E022AC2B-9F93-4612-A73C-E7CFD5874996}.AppStore|x86.Build.0 = Debug|Any CPU
		{E022AC2B-9F93-4612-A73C-E7CFD5874996}.DbgWeb|Any CPU.ActiveCfg = DebugWeb|Any CPU
		{E022AC2B-9F93-4612-A73C-E7CFD5874996}.DbgWeb|Any CPU.Build.0 = DebugWeb|Any CPU
		{E022AC2B-9F93-4612-A73C-E7CFD5874996}.DbgWeb|ARM.ActiveCfg = DebugWeb|Any CPU
		{E022AC2B-9F93-4612-A73C-E7CFD5874996}.DbgWeb|ARM.Build.0 = DebugWeb|Any CPU
		{E022AC2B-9F93-4612-A73C-E7CFD5874996}.DbgWeb|iPhone.ActiveCfg = DebugWeb|Any CPU
		{E022AC2B-9F93-4612-A73C-E7CFD5874996}.DbgWeb|iPhone.Build.0 = DebugWeb|Any CPU
		{E022AC2B-9F93-4612-A73C-E7CFD5874996}.DbgWeb|iPhoneSimulator.ActiveCfg = DebugWeb|Any CPU
		{E022AC2B-9F93-4612-A73C-E7CFD5874996}.DbgWeb|iPhoneSimulator.Build.0 = DebugWeb|Any CPU
		{E022AC2B-9F93-4612-A73C-E7CFD5874996}.DbgWeb|x64.ActiveCfg = DebugWeb|Any CPU
		{E022AC2B-9F93-4612-A73C-E7CFD5874996}.DbgWeb|x64.Build.0 = DebugWeb|Any CPU
		{E022AC2B-9F93-4612-A73C-E7CFD5874996}.DbgWeb|x86.ActiveCfg = DebugWeb|Any CPU
		{E022AC2B-9F93-4612-A73C-E7CFD5874996}.DbgWeb|x86.Build.0 = DebugWeb|Any CPU
		{E022AC2B-9F93-4612-A73C-E7CFD5874996}.Debug|Any CPU.ActiveCfg = Debug|Any CPU
		{E022AC2B-9F93-4612-A73C-E7CFD5874996}.Debug|Any CPU.Build.0 = Debug|Any CPU
		{E022AC2B-9F93-4612-A73C-E7CFD5874996}.Debug|ARM.ActiveCfg = Debug|Any CPU
		{E022AC2B-9F93-4612-A73C-E7CFD5874996}.Debug|ARM.Build.0 = Debug|Any CPU
		{E022AC2B-9F93-4612-A73C-E7CFD5874996}.Debug|iPhone.ActiveCfg = Debug|Any CPU
		{E022AC2B-9F93-4612-A73C-E7CFD5874996}.Debug|iPhone.Build.0 = Debug|Any CPU
		{E022AC2B-9F93-4612-A73C-E7CFD5874996}.Debug|iPhoneSimulator.ActiveCfg = Debug|Any CPU
		{E022AC2B-9F93-4612-A73C-E7CFD5874996}.Debug|iPhoneSimulator.Build.0 = Debug|Any CPU
		{E022AC2B-9F93-4612-A73C-E7CFD5874996}.Debug|x64.ActiveCfg = Debug|Any CPU
		{E022AC2B-9F93-4612-A73C-E7CFD5874996}.Debug|x64.Build.0 = Debug|Any CPU
		{E022AC2B-9F93-4612-A73C-E7CFD5874996}.Debug|x86.ActiveCfg = Debug|Any CPU
		{E022AC2B-9F93-4612-A73C-E7CFD5874996}.Debug|x86.Build.0 = Debug|Any CPU
		{E022AC2B-9F93-4612-A73C-E7CFD5874996}.Release|Any CPU.ActiveCfg = Release|Any CPU
		{E022AC2B-9F93-4612-A73C-E7CFD5874996}.Release|Any CPU.Build.0 = Release|Any CPU
		{E022AC2B-9F93-4612-A73C-E7CFD5874996}.Release|ARM.ActiveCfg = Release|Any CPU
		{E022AC2B-9F93-4612-A73C-E7CFD5874996}.Release|ARM.Build.0 = Release|Any CPU
		{E022AC2B-9F93-4612-A73C-E7CFD5874996}.Release|iPhone.ActiveCfg = Release|Any CPU
		{E022AC2B-9F93-4612-A73C-E7CFD5874996}.Release|iPhone.Build.0 = Release|Any CPU
		{E022AC2B-9F93-4612-A73C-E7CFD5874996}.Release|iPhoneSimulator.ActiveCfg = Release|Any CPU
		{E022AC2B-9F93-4612-A73C-E7CFD5874996}.Release|iPhoneSimulator.Build.0 = Release|Any CPU
		{E022AC2B-9F93-4612-A73C-E7CFD5874996}.Release|x64.ActiveCfg = Release|Any CPU
		{E022AC2B-9F93-4612-A73C-E7CFD5874996}.Release|x64.Build.0 = Release|Any CPU
		{E022AC2B-9F93-4612-A73C-E7CFD5874996}.Release|x86.ActiveCfg = Release|Any CPU
		{E022AC2B-9F93-4612-A73C-E7CFD5874996}.Release|x86.Build.0 = Release|Any CPU
		{E022AC2B-9F93-4612-A73C-E7CFD5874996}.RlsWeb|Any CPU.ActiveCfg = RlsWeb|Any CPU
		{E022AC2B-9F93-4612-A73C-E7CFD5874996}.RlsWeb|Any CPU.Build.0 = RlsWeb|Any CPU
		{E022AC2B-9F93-4612-A73C-E7CFD5874996}.RlsWeb|ARM.ActiveCfg = RlsWeb|Any CPU
		{E022AC2B-9F93-4612-A73C-E7CFD5874996}.RlsWeb|ARM.Build.0 = RlsWeb|Any CPU
		{E022AC2B-9F93-4612-A73C-E7CFD5874996}.RlsWeb|iPhone.ActiveCfg = RlsWeb|Any CPU
		{E022AC2B-9F93-4612-A73C-E7CFD5874996}.RlsWeb|iPhone.Build.0 = RlsWeb|Any CPU
		{E022AC2B-9F93-4612-A73C-E7CFD5874996}.RlsWeb|iPhoneSimulator.ActiveCfg = RlsWeb|Any CPU
		{E022AC2B-9F93-4612-A73C-E7CFD5874996}.RlsWeb|iPhoneSimulator.Build.0 = RlsWeb|Any CPU
		{E022AC2B-9F93-4612-A73C-E7CFD5874996}.RlsWeb|x64.ActiveCfg = RlsWeb|Any CPU
		{E022AC2B-9F93-4612-A73C-E7CFD5874996}.RlsWeb|x64.Build.0 = RlsWeb|Any CPU
		{E022AC2B-9F93-4612-A73C-E7CFD5874996}.RlsWeb|x86.ActiveCfg = RlsWeb|Any CPU
		{E022AC2B-9F93-4612-A73C-E7CFD5874996}.RlsWeb|x86.Build.0 = RlsWeb|Any CPU
		{7C399005-15A6-4FAF-A3E5-A86301071810}.Ad-Hoc|Any CPU.ActiveCfg = Debug|Any CPU
		{7C399005-15A6-4FAF-A3E5-A86301071810}.Ad-Hoc|Any CPU.Build.0 = Debug|Any CPU
		{7C399005-15A6-4FAF-A3E5-A86301071810}.Ad-Hoc|ARM.ActiveCfg = Debug|Any CPU
		{7C399005-15A6-4FAF-A3E5-A86301071810}.Ad-Hoc|ARM.Build.0 = Debug|Any CPU
		{7C399005-15A6-4FAF-A3E5-A86301071810}.Ad-Hoc|iPhone.ActiveCfg = Debug|Any CPU
		{7C399005-15A6-4FAF-A3E5-A86301071810}.Ad-Hoc|iPhone.Build.0 = Debug|Any CPU
		{7C399005-15A6-4FAF-A3E5-A86301071810}.Ad-Hoc|iPhoneSimulator.ActiveCfg = Debug|Any CPU
		{7C399005-15A6-4FAF-A3E5-A86301071810}.Ad-Hoc|iPhoneSimulator.Build.0 = Debug|Any CPU
		{7C399005-15A6-4FAF-A3E5-A86301071810}.Ad-Hoc|x64.ActiveCfg = Debug|Any CPU
		{7C399005-15A6-4FAF-A3E5-A86301071810}.Ad-Hoc|x64.Build.0 = Debug|Any CPU
		{7C399005-15A6-4FAF-A3E5-A86301071810}.Ad-Hoc|x86.ActiveCfg = Debug|Any CPU
		{7C399005-15A6-4FAF-A3E5-A86301071810}.Ad-Hoc|x86.Build.0 = Debug|Any CPU
		{7C399005-15A6-4FAF-A3E5-A86301071810}.AppStore|Any CPU.ActiveCfg = Debug|Any CPU
		{7C399005-15A6-4FAF-A3E5-A86301071810}.AppStore|Any CPU.Build.0 = Debug|Any CPU
		{7C399005-15A6-4FAF-A3E5-A86301071810}.AppStore|ARM.ActiveCfg = Debug|Any CPU
		{7C399005-15A6-4FAF-A3E5-A86301071810}.AppStore|ARM.Build.0 = Debug|Any CPU
		{7C399005-15A6-4FAF-A3E5-A86301071810}.AppStore|iPhone.ActiveCfg = Debug|Any CPU
		{7C399005-15A6-4FAF-A3E5-A86301071810}.AppStore|iPhone.Build.0 = Debug|Any CPU
		{7C399005-15A6-4FAF-A3E5-A86301071810}.AppStore|iPhoneSimulator.ActiveCfg = Debug|Any CPU
		{7C399005-15A6-4FAF-A3E5-A86301071810}.AppStore|iPhoneSimulator.Build.0 = Debug|Any CPU
		{7C399005-15A6-4FAF-A3E5-A86301071810}.AppStore|x64.ActiveCfg = Debug|Any CPU
		{7C399005-15A6-4FAF-A3E5-A86301071810}.AppStore|x64.Build.0 = Debug|Any CPU
		{7C399005-15A6-4FAF-A3E5-A86301071810}.AppStore|x86.ActiveCfg = Debug|Any CPU
		{7C399005-15A6-4FAF-A3E5-A86301071810}.AppStore|x86.Build.0 = Debug|Any CPU
		{7C399005-15A6-4FAF-A3E5-A86301071810}.DbgWeb|Any CPU.ActiveCfg = DebugWeb|Any CPU
		{7C399005-15A6-4FAF-A3E5-A86301071810}.DbgWeb|Any CPU.Build.0 = DebugWeb|Any CPU
		{7C399005-15A6-4FAF-A3E5-A86301071810}.DbgWeb|ARM.ActiveCfg = DebugWeb|Any CPU
		{7C399005-15A6-4FAF-A3E5-A86301071810}.DbgWeb|ARM.Build.0 = DebugWeb|Any CPU
		{7C399005-15A6-4FAF-A3E5-A86301071810}.DbgWeb|iPhone.ActiveCfg = DebugWeb|Any CPU
		{7C399005-15A6-4FAF-A3E5-A86301071810}.DbgWeb|iPhone.Build.0 = DebugWeb|Any CPU
		{7C399005-15A6-4FAF-A3E5-A86301071810}.DbgWeb|iPhoneSimulator.ActiveCfg = DebugWeb|Any CPU
		{7C399005-15A6-4FAF-A3E5-A86301071810}.DbgWeb|iPhoneSimulator.Build.0 = DebugWeb|Any CPU
		{7C399005-15A6-4FAF-A3E5-A86301071810}.DbgWeb|x64.ActiveCfg = DebugWeb|Any CPU
		{7C399005-15A6-4FAF-A3E5-A86301071810}.DbgWeb|x64.Build.0 = DebugWeb|Any CPU
		{7C399005-15A6-4FAF-A3E5-A86301071810}.DbgWeb|x86.ActiveCfg = DebugWeb|Any CPU
		{7C399005-15A6-4FAF-A3E5-A86301071810}.DbgWeb|x86.Build.0 = DebugWeb|Any CPU
		{7C399005-15A6-4FAF-A3E5-A86301071810}.Debug|Any CPU.ActiveCfg = Debug|Any CPU
		{7C399005-15A6-4FAF-A3E5-A86301071810}.Debug|Any CPU.Build.0 = Debug|Any CPU
		{7C399005-15A6-4FAF-A3E5-A86301071810}.Debug|ARM.ActiveCfg = Debug|Any CPU
		{7C399005-15A6-4FAF-A3E5-A86301071810}.Debug|ARM.Build.0 = Debug|Any CPU
		{7C399005-15A6-4FAF-A3E5-A86301071810}.Debug|iPhone.ActiveCfg = Debug|Any CPU
		{7C399005-15A6-4FAF-A3E5-A86301071810}.Debug|iPhone.Build.0 = Debug|Any CPU
		{7C399005-15A6-4FAF-A3E5-A86301071810}.Debug|iPhoneSimulator.ActiveCfg = Debug|Any CPU
		{7C399005-15A6-4FAF-A3E5-A86301071810}.Debug|iPhoneSimulator.Build.0 = Debug|Any CPU
		{7C399005-15A6-4FAF-A3E5-A86301071810}.Debug|x64.ActiveCfg = Debug|Any CPU
		{7C399005-15A6-4FAF-A3E5-A86301071810}.Debug|x64.Build.0 = Debug|Any CPU
		{7C399005-15A6-4FAF-A3E5-A86301071810}.Debug|x86.ActiveCfg = Debug|Any CPU
		{7C399005-15A6-4FAF-A3E5-A86301071810}.Debug|x86.Build.0 = Debug|Any CPU
		{7C399005-15A6-4FAF-A3E5-A86301071810}.Release|Any CPU.ActiveCfg = Release|Any CPU
		{7C399005-15A6-4FAF-A3E5-A86301071810}.Release|Any CPU.Build.0 = Release|Any CPU
		{7C399005-15A6-4FAF-A3E5-A86301071810}.Release|ARM.ActiveCfg = Release|Any CPU
		{7C399005-15A6-4FAF-A3E5-A86301071810}.Release|ARM.Build.0 = Release|Any CPU
		{7C399005-15A6-4FAF-A3E5-A86301071810}.Release|iPhone.ActiveCfg = Release|Any CPU
		{7C399005-15A6-4FAF-A3E5-A86301071810}.Release|iPhone.Build.0 = Release|Any CPU
		{7C399005-15A6-4FAF-A3E5-A86301071810}.Release|iPhoneSimulator.ActiveCfg = Release|Any CPU
		{7C399005-15A6-4FAF-A3E5-A86301071810}.Release|iPhoneSimulator.Build.0 = Release|Any CPU
		{7C399005-15A6-4FAF-A3E5-A86301071810}.Release|x64.ActiveCfg = Release|Any CPU
		{7C399005-15A6-4FAF-A3E5-A86301071810}.Release|x64.Build.0 = Release|Any CPU
		{7C399005-15A6-4FAF-A3E5-A86301071810}.Release|x86.ActiveCfg = Release|Any CPU
		{7C399005-15A6-4FAF-A3E5-A86301071810}.Release|x86.Build.0 = Release|Any CPU
		{7C399005-15A6-4FAF-A3E5-A86301071810}.RlsWeb|Any CPU.ActiveCfg = RlsWeb|Any CPU
		{7C399005-15A6-4FAF-A3E5-A86301071810}.RlsWeb|Any CPU.Build.0 = RlsWeb|Any CPU
		{7C399005-15A6-4FAF-A3E5-A86301071810}.RlsWeb|ARM.ActiveCfg = RlsWeb|Any CPU
		{7C399005-15A6-4FAF-A3E5-A86301071810}.RlsWeb|ARM.Build.0 = RlsWeb|Any CPU
		{7C399005-15A6-4FAF-A3E5-A86301071810}.RlsWeb|iPhone.ActiveCfg = RlsWeb|Any CPU
		{7C399005-15A6-4FAF-A3E5-A86301071810}.RlsWeb|iPhone.Build.0 = RlsWeb|Any CPU
		{7C399005-15A6-4FAF-A3E5-A86301071810}.RlsWeb|iPhoneSimulator.ActiveCfg = RlsWeb|Any CPU
		{7C399005-15A6-4FAF-A3E5-A86301071810}.RlsWeb|iPhoneSimulator.Build.0 = RlsWeb|Any CPU
		{7C399005-15A6-4FAF-A3E5-A86301071810}.RlsWeb|x64.ActiveCfg = RlsWeb|Any CPU
		{7C399005-15A6-4FAF-A3E5-A86301071810}.RlsWeb|x64.Build.0 = RlsWeb|Any CPU
		{7C399005-15A6-4FAF-A3E5-A86301071810}.RlsWeb|x86.ActiveCfg = RlsWeb|Any CPU
		{7C399005-15A6-4FAF-A3E5-A86301071810}.RlsWeb|x86.Build.0 = RlsWeb|Any CPU
		{E24ADDEC-D0A5-4D5F-8371-6798916B6BAB}.Ad-Hoc|Any CPU.ActiveCfg = Debug|Any CPU
		{E24ADDEC-D0A5-4D5F-8371-6798916B6BAB}.Ad-Hoc|Any CPU.Build.0 = Debug|Any CPU
		{E24ADDEC-D0A5-4D5F-8371-6798916B6BAB}.Ad-Hoc|ARM.ActiveCfg = Debug|Any CPU
		{E24ADDEC-D0A5-4D5F-8371-6798916B6BAB}.Ad-Hoc|ARM.Build.0 = Debug|Any CPU
		{E24ADDEC-D0A5-4D5F-8371-6798916B6BAB}.Ad-Hoc|iPhone.ActiveCfg = Debug|Any CPU
		{E24ADDEC-D0A5-4D5F-8371-6798916B6BAB}.Ad-Hoc|iPhone.Build.0 = Debug|Any CPU
		{E24ADDEC-D0A5-4D5F-8371-6798916B6BAB}.Ad-Hoc|iPhoneSimulator.ActiveCfg = Debug|Any CPU
		{E24ADDEC-D0A5-4D5F-8371-6798916B6BAB}.Ad-Hoc|iPhoneSimulator.Build.0 = Debug|Any CPU
		{E24ADDEC-D0A5-4D5F-8371-6798916B6BAB}.Ad-Hoc|x64.ActiveCfg = Debug|Any CPU
		{E24ADDEC-D0A5-4D5F-8371-6798916B6BAB}.Ad-Hoc|x64.Build.0 = Debug|Any CPU
		{E24ADDEC-D0A5-4D5F-8371-6798916B6BAB}.Ad-Hoc|x86.ActiveCfg = Debug|Any CPU
		{E24ADDEC-D0A5-4D5F-8371-6798916B6BAB}.Ad-Hoc|x86.Build.0 = Debug|Any CPU
		{E24ADDEC-D0A5-4D5F-8371-6798916B6BAB}.AppStore|Any CPU.ActiveCfg = Debug|Any CPU
		{E24ADDEC-D0A5-4D5F-8371-6798916B6BAB}.AppStore|Any CPU.Build.0 = Debug|Any CPU
		{E24ADDEC-D0A5-4D5F-8371-6798916B6BAB}.AppStore|ARM.ActiveCfg = Debug|Any CPU
		{E24ADDEC-D0A5-4D5F-8371-6798916B6BAB}.AppStore|ARM.Build.0 = Debug|Any CPU
		{E24ADDEC-D0A5-4D5F-8371-6798916B6BAB}.AppStore|iPhone.ActiveCfg = Debug|Any CPU
		{E24ADDEC-D0A5-4D5F-8371-6798916B6BAB}.AppStore|iPhone.Build.0 = Debug|Any CPU
		{E24ADDEC-D0A5-4D5F-8371-6798916B6BAB}.AppStore|iPhoneSimulator.ActiveCfg = Debug|Any CPU
		{E24ADDEC-D0A5-4D5F-8371-6798916B6BAB}.AppStore|iPhoneSimulator.Build.0 = Debug|Any CPU
		{E24ADDEC-D0A5-4D5F-8371-6798916B6BAB}.AppStore|x64.ActiveCfg = Debug|Any CPU
		{E24ADDEC-D0A5-4D5F-8371-6798916B6BAB}.AppStore|x64.Build.0 = Debug|Any CPU
		{E24ADDEC-D0A5-4D5F-8371-6798916B6BAB}.AppStore|x86.ActiveCfg = Debug|Any CPU
		{E24ADDEC-D0A5-4D5F-8371-6798916B6BAB}.AppStore|x86.Build.0 = Debug|Any CPU
		{E24ADDEC-D0A5-4D5F-8371-6798916B6BAB}.DbgWeb|Any CPU.ActiveCfg = Debug|Any CPU
		{E24ADDEC-D0A5-4D5F-8371-6798916B6BAB}.DbgWeb|Any CPU.Build.0 = Debug|Any CPU
		{E24ADDEC-D0A5-4D5F-8371-6798916B6BAB}.DbgWeb|ARM.ActiveCfg = Debug|Any CPU
		{E24ADDEC-D0A5-4D5F-8371-6798916B6BAB}.DbgWeb|ARM.Build.0 = Debug|Any CPU
		{E24ADDEC-D0A5-4D5F-8371-6798916B6BAB}.DbgWeb|iPhone.ActiveCfg = Debug|Any CPU
		{E24ADDEC-D0A5-4D5F-8371-6798916B6BAB}.DbgWeb|iPhone.Build.0 = Debug|Any CPU
		{E24ADDEC-D0A5-4D5F-8371-6798916B6BAB}.DbgWeb|iPhoneSimulator.ActiveCfg = Debug|Any CPU
		{E24ADDEC-D0A5-4D5F-8371-6798916B6BAB}.DbgWeb|iPhoneSimulator.Build.0 = Debug|Any CPU
		{E24ADDEC-D0A5-4D5F-8371-6798916B6BAB}.DbgWeb|x64.ActiveCfg = Debug|Any CPU
		{E24ADDEC-D0A5-4D5F-8371-6798916B6BAB}.DbgWeb|x64.Build.0 = Debug|Any CPU
		{E24ADDEC-D0A5-4D5F-8371-6798916B6BAB}.DbgWeb|x86.ActiveCfg = Debug|Any CPU
		{E24ADDEC-D0A5-4D5F-8371-6798916B6BAB}.DbgWeb|x86.Build.0 = Debug|Any CPU
		{E24ADDEC-D0A5-4D5F-8371-6798916B6BAB}.Debug|Any CPU.ActiveCfg = Debug|Any CPU
		{E24ADDEC-D0A5-4D5F-8371-6798916B6BAB}.Debug|Any CPU.Build.0 = Debug|Any CPU
		{E24ADDEC-D0A5-4D5F-8371-6798916B6BAB}.Debug|ARM.ActiveCfg = Debug|Any CPU
		{E24ADDEC-D0A5-4D5F-8371-6798916B6BAB}.Debug|ARM.Build.0 = Debug|Any CPU
		{E24ADDEC-D0A5-4D5F-8371-6798916B6BAB}.Debug|iPhone.ActiveCfg = Debug|Any CPU
		{E24ADDEC-D0A5-4D5F-8371-6798916B6BAB}.Debug|iPhone.Build.0 = Debug|Any CPU
		{E24ADDEC-D0A5-4D5F-8371-6798916B6BAB}.Debug|iPhoneSimulator.ActiveCfg = Debug|Any CPU
		{E24ADDEC-D0A5-4D5F-8371-6798916B6BAB}.Debug|iPhoneSimulator.Build.0 = Debug|Any CPU
		{E24ADDEC-D0A5-4D5F-8371-6798916B6BAB}.Debug|x64.ActiveCfg = Debug|Any CPU
		{E24ADDEC-D0A5-4D5F-8371-6798916B6BAB}.Debug|x64.Build.0 = Debug|Any CPU
		{E24ADDEC-D0A5-4D5F-8371-6798916B6BAB}.Debug|x86.ActiveCfg = Debug|Any CPU
		{E24ADDEC-D0A5-4D5F-8371-6798916B6BAB}.Debug|x86.Build.0 = Debug|Any CPU
		{E24ADDEC-D0A5-4D5F-8371-6798916B6BAB}.Release|Any CPU.ActiveCfg = Release|Any CPU
		{E24ADDEC-D0A5-4D5F-8371-6798916B6BAB}.Release|Any CPU.Build.0 = Release|Any CPU
		{E24ADDEC-D0A5-4D5F-8371-6798916B6BAB}.Release|ARM.ActiveCfg = Release|Any CPU
		{E24ADDEC-D0A5-4D5F-8371-6798916B6BAB}.Release|ARM.Build.0 = Release|Any CPU
		{E24ADDEC-D0A5-4D5F-8371-6798916B6BAB}.Release|iPhone.ActiveCfg = Release|Any CPU
		{E24ADDEC-D0A5-4D5F-8371-6798916B6BAB}.Release|iPhone.Build.0 = Release|Any CPU
		{E24ADDEC-D0A5-4D5F-8371-6798916B6BAB}.Release|iPhoneSimulator.ActiveCfg = Release|Any CPU
		{E24ADDEC-D0A5-4D5F-8371-6798916B6BAB}.Release|iPhoneSimulator.Build.0 = Release|Any CPU
		{E24ADDEC-D0A5-4D5F-8371-6798916B6BAB}.Release|x64.ActiveCfg = Release|Any CPU
		{E24ADDEC-D0A5-4D5F-8371-6798916B6BAB}.Release|x64.Build.0 = Release|Any CPU
		{E24ADDEC-D0A5-4D5F-8371-6798916B6BAB}.Release|x86.ActiveCfg = Release|Any CPU
		{E24ADDEC-D0A5-4D5F-8371-6798916B6BAB}.Release|x86.Build.0 = Release|Any CPU
		{E24ADDEC-D0A5-4D5F-8371-6798916B6BAB}.RlsWeb|Any CPU.ActiveCfg = Release|Any CPU
		{E24ADDEC-D0A5-4D5F-8371-6798916B6BAB}.RlsWeb|Any CPU.Build.0 = Release|Any CPU
		{E24ADDEC-D0A5-4D5F-8371-6798916B6BAB}.RlsWeb|ARM.ActiveCfg = Release|Any CPU
		{E24ADDEC-D0A5-4D5F-8371-6798916B6BAB}.RlsWeb|ARM.Build.0 = Release|Any CPU
		{E24ADDEC-D0A5-4D5F-8371-6798916B6BAB}.RlsWeb|iPhone.ActiveCfg = Release|Any CPU
		{E24ADDEC-D0A5-4D5F-8371-6798916B6BAB}.RlsWeb|iPhone.Build.0 = Release|Any CPU
		{E24ADDEC-D0A5-4D5F-8371-6798916B6BAB}.RlsWeb|iPhoneSimulator.ActiveCfg = Release|Any CPU
		{E24ADDEC-D0A5-4D5F-8371-6798916B6BAB}.RlsWeb|iPhoneSimulator.Build.0 = Release|Any CPU
		{E24ADDEC-D0A5-4D5F-8371-6798916B6BAB}.RlsWeb|x64.ActiveCfg = Release|Any CPU
		{E24ADDEC-D0A5-4D5F-8371-6798916B6BAB}.RlsWeb|x64.Build.0 = Release|Any CPU
		{E24ADDEC-D0A5-4D5F-8371-6798916B6BAB}.RlsWeb|x86.ActiveCfg = Release|Any CPU
		{E24ADDEC-D0A5-4D5F-8371-6798916B6BAB}.RlsWeb|x86.Build.0 = Release|Any CPU
	EndGlobalSection
	GlobalSection(SolutionProperties) = preSolution
		HideSolutionNode = FALSE
	EndGlobalSection
	GlobalSection(NestedProjects) = preSolution
		{386CF0FF-127C-4B9E-8067-5120FA0B605C} = {458B11ED-046A-44E0-B10F-CB3404BCE7D4}
		{7D3ECBD1-49C8-4D6A-B879-5B7876C76389} = {458B11ED-046A-44E0-B10F-CB3404BCE7D4}
		{9C1C75F6-925A-467D-9F22-6BAD0885E725} = {458B11ED-046A-44E0-B10F-CB3404BCE7D4}
		{855A47E9-2F26-4EB3-90C5-74AD19FFA63D} = {458B11ED-046A-44E0-B10F-CB3404BCE7D4}
		{49F59E4F-A463-4629-8E7F-6CDFDEF7DCD9} = {DC9E4C6D-E3A1-4B2C-AF62-EE1F496BD378}
		{92994BE1-A509-4558-8BF8-D3A086F69C9C} = {DC9E4C6D-E3A1-4B2C-AF62-EE1F496BD378}
		{E022AC2B-9F93-4612-A73C-E7CFD5874996} = {4C1D2239-BA8F-4D27-8590-ED121EFB52FB}
		{7C399005-15A6-4FAF-A3E5-A86301071810} = {4C1D2239-BA8F-4D27-8590-ED121EFB52FB}
		{E24ADDEC-D0A5-4D5F-8371-6798916B6BAB} = {DC9E4C6D-E3A1-4B2C-AF62-EE1F496BD378}
	EndGlobalSection
	GlobalSection(ExtensibilityGlobals) = postSolution
		SolutionGuid = {E2C5BBB7-619A-4709-AD3C-6FD9E1CD53BE}
	EndGlobalSection
EndGlobal
